{
  "originHash" : "55b279b61e3ebed6f61e535aba68248df723ee48d8e4885e9a49055b5bcd8701",
  "pins" : [
    {
      "identity" : "alamofire",
      "kind" : "remoteSourceControl",
      "location" : "https://github.com/Alamofire/Alamofire.git",
      "state" : {
        "revision" : "f455c2975872ccd2d9c81594c658af65716e9b9a",
        "version" : "5.9.1"
      }
    },
    {
      "identity" : "pokemonapi",
      "kind" : "remoteSourceControl",
      "location" : "https://github.com/QuaRang1225/PokemonAPI.git",
      "state" : {
        "revision" : "ba3159257c7cbbdd13e1612a864a14b3be9545e8"
      }
    }
  ],
  "version" : 3
}
