// !$*UTF8*$!
{
	archiveVersion = 1;
	classes = {
	};
	objectVersion = 56;
	objects = {

/* Begin PBXBuildFile section */
		D62E3BB12BAE97C60088758D /* TypeFilter.swift in Sources */ = {isa = PBXBuildFile; fileRef = D62E3BB02BAE97C60088758D /* TypeFilter.swift */; };
		D62E3BB32BAE9BEB0088758D /* PokemonEvolutoinManager.swift in Sources */ = {isa = PBXBuildFile; fileRef = D62E3BB22BAE9BEB0088758D /* PokemonEvolutoinManager.swift */; };
		D62E3BB52BAEB2BE0088758D /* Pokemon.swift in Sources */ = {isa = PBXBuildFile; fileRef = D62E3BB42BAEB2BE0088758D /* Pokemon.swift */; };
		D62E3BBA2BB296620088758D /* PokemonEvolutionInfo.swift in Sources */ = {isa = PBXBuildFile; fileRef = D62E3BB92BB296620088758D /* PokemonEvolutionInfo.swift */; };
		D62E3BBC2BB296E90088758D /* PokemonEvolution.swift in Sources */ = {isa = PBXBuildFile; fileRef = D62E3BBB2BB296E90088758D /* PokemonEvolution.swift */; };
		D62E3BBF2BB2A0730088758D /* EvolTreeNodeView.swift in Sources */ = {isa = PBXBuildFile; fileRef = D62E3BBE2BB2A0730088758D /* EvolTreeNodeView.swift */; };
		D62E3BC12BB2A0A80088758D /* RequestTestView.swift in Sources */ = {isa = PBXBuildFile; fileRef = D62E3BC02BB2A0A80088758D /* RequestTestView.swift */; };
		D63E54862BE4DF9A00DE52E8 /* FetchParametersManager.swift in Sources */ = {isa = PBXBuildFile; fileRef = D63E54852BE4DF9A00DE52E8 /* FetchParametersManager.swift */; };
		D63E54892BE4FC4800DE52E8 /* VarietiesResponse.swift in Sources */ = {isa = PBXBuildFile; fileRef = D63E54882BE4FC4800DE52E8 /* VarietiesResponse.swift */; };
		D63E548C2BE4FCE600DE52E8 /* PokemonsListResponse.swift in Sources */ = {isa = PBXBuildFile; fileRef = D63E548B2BE4FCE600DE52E8 /* PokemonsListResponse.swift */; };
		D63E548E2BE4FCFC00DE52E8 /* PokemonsList.swift in Sources */ = {isa = PBXBuildFile; fileRef = D63E548D2BE4FCFC00DE52E8 /* PokemonsList.swift */; };
		D63E54902BE4FD5C00DE52E8 /* PokemonPages.swift in Sources */ = {isa = PBXBuildFile; fileRef = D63E548F2BE4FD5C00DE52E8 /* PokemonPages.swift */; };
		D6681FFD2BE2504C0045DE11 /* Kingfisher in Frameworks */ = {isa = PBXBuildFile; productRef = D6681FFC2BE2504C0045DE11 /* Kingfisher */; };
		D67EDB032BEA450C009C87BD /* VarietiesView.swift in Sources */ = {isa = PBXBuildFile; fileRef = D67EDB022BEA450C009C87BD /* VarietiesView.swift */; };
		D67EDB062BEA4735009C87BD /* Varieties.swift in Sources */ = {isa = PBXBuildFile; fileRef = D67EDB052BEA4735009C87BD /* Varieties.swift */; };
		D67EDB082BEA477B009C87BD /* Abilites.swift in Sources */ = {isa = PBXBuildFile; fileRef = D67EDB072BEA477B009C87BD /* Abilites.swift */; };
		D67EDB0A2BEA478C009C87BD /* Form.swift in Sources */ = {isa = PBXBuildFile; fileRef = D67EDB092BEA478C009C87BD /* Form.swift */; };
		D6B27F082BE0DF7900D693F5 /* Pokemons.swift in Sources */ = {isa = PBXBuildFile; fileRef = D6B27F072BE0DF7900D693F5 /* Pokemons.swift */; };
		D6B27F212BE1319500D693F5 /* Alamofire in Frameworks */ = {isa = PBXBuildFile; productRef = D6B27F202BE1319500D693F5 /* Alamofire */; };
		D6B27F262BE13ADE00D693F5 /* PokeDex-Developer-Info.plist in Resources */ = {isa = PBXBuildFile; fileRef = D6B27F252BE13ADE00D693F5 /* PokeDex-Developer-Info.plist */; };
		D6B27F292BE2088000D693F5 /* PokemonResponse.swift in Sources */ = {isa = PBXBuildFile; fileRef = D6B27F282BE2088000D693F5 /* PokemonResponse.swift */; };
		D6B27F2C2BE2167C00D693F5 /* Base.swift in Sources */ = {isa = PBXBuildFile; fileRef = D6B27F2B2BE2167C00D693F5 /* Base.swift */; };
		D6B27F2E2BE2168200D693F5 /* Dex.swift in Sources */ = {isa = PBXBuildFile; fileRef = D6B27F2D2BE2168200D693F5 /* Dex.swift */; };
		D6B27F302BE2168A00D693F5 /* TextEntries.swift in Sources */ = {isa = PBXBuildFile; fileRef = D6B27F2F2BE2168A00D693F5 /* TextEntries.swift */; };
		D6B4C05D2BB2B070009D0D25 /* PokemonInfoView.swift in Sources */ = {isa = PBXBuildFile; fileRef = D6B4C05C2BB2B070009D0D25 /* PokemonInfoView.swift */; };
		D6B4C05F2BB2B1BC009D0D25 /* UpdateViewModel.swift in Sources */ = {isa = PBXBuildFile; fileRef = D6B4C05E2BB2B1BC009D0D25 /* UpdateViewModel.swift */; };
		D6B4C0622BB309CD009D0D25 /* PokemonAPI in Frameworks */ = {isa = PBXBuildFile; productRef = D6B4C0612BB309CD009D0D25 /* PokemonAPI */; };
		D6C2744E2BEA0E080047C94D /* PokemonView.swift in Sources */ = {isa = PBXBuildFile; fileRef = D6C2744D2BEA0E080047C94D /* PokemonView.swift */; };
		D6C274512BEA0F0C0047C94D /* UpdateButtonView.swift in Sources */ = {isa = PBXBuildFile; fileRef = D6C274502BEA0F0C0047C94D /* UpdateButtonView.swift */; };
		D6D0638A2BAB2FD900ADBEB4 /* PokeDex_DeveloperApp.swift in Sources */ = {isa = PBXBuildFile; fileRef = D6D063892BAB2FD900ADBEB4 /* PokeDex_DeveloperApp.swift */; };
		D6D0638C2BAB2FD900ADBEB4 /* ContentView.swift in Sources */ = {isa = PBXBuildFile; fileRef = D6D0638B2BAB2FD900ADBEB4 /* ContentView.swift */; };
		D6D0638E2BAB2FDB00ADBEB4 /* Assets.xcassets in Resources */ = {isa = PBXBuildFile; fileRef = D6D0638D2BAB2FDB00ADBEB4 /* Assets.xcassets */; };
		D6D063912BAB2FDB00ADBEB4 /* Preview Assets.xcassets in Resources */ = {isa = PBXBuildFile; fileRef = D6D063902BAB2FDB00ADBEB4 /* Preview Assets.xcassets */; };
		D6D0639B2BAB2FDB00ADBEB4 /* PokeDex_DeveloperTests.swift in Sources */ = {isa = PBXBuildFile; fileRef = D6D0639A2BAB2FDB00ADBEB4 /* PokeDex_DeveloperTests.swift */; };
		D6D063A52BAB2FDB00ADBEB4 /* PokeDex_DeveloperUITests.swift in Sources */ = {isa = PBXBuildFile; fileRef = D6D063A42BAB2FDB00ADBEB4 /* PokeDex_DeveloperUITests.swift */; };
		D6D063A72BAB2FDB00ADBEB4 /* PokeDex_DeveloperUITestsLaunchTests.swift in Sources */ = {isa = PBXBuildFile; fileRef = D6D063A62BAB2FDB00ADBEB4 /* PokeDex_DeveloperUITestsLaunchTests.swift */; };
		D6D063BF2BAB3A1400ADBEB4 /* PokemonSpeciesManager.swift in Sources */ = {isa = PBXBuildFile; fileRef = D6D063BE2BAB3A1400ADBEB4 /* PokemonSpeciesManager.swift */; };
		D6F54E5F2BABFB0800145AFF /* VersionFilter.swift in Sources */ = {isa = PBXBuildFile; fileRef = D6F54E5E2BABFB0800145AFF /* VersionFilter.swift */; };
		D6F54E612BAC142D00145AFF /* AreaFilter.swift in Sources */ = {isa = PBXBuildFile; fileRef = D6F54E602BAC142D00145AFF /* AreaFilter.swift */; };
		D6F54E6D2BAC419300145AFF /* PokemonSpecies.swift in Sources */ = {isa = PBXBuildFile; fileRef = D6F54E6C2BAC419300145AFF /* PokemonSpecies.swift */; };
		D6F54E6F2BAC449E00145AFF /* PokemonManager.swift in Sources */ = {isa = PBXBuildFile; fileRef = D6F54E6E2BAC449E00145AFF /* PokemonManager.swift */; };
		D6F54E742BADAD5800145AFF /* FormsFilter.swift in Sources */ = {isa = PBXBuildFile; fileRef = D6F54E732BADAD5800145AFF /* FormsFilter.swift */; };
		D6F54E762BADB8AB00145AFF /* StatFilter.swift in Sources */ = {isa = PBXBuildFile; fileRef = D6F54E752BADB8AB00145AFF /* StatFilter.swift */; };
/* End PBXBuildFile section */

/* Begin PBXContainerItemProxy section */
		D6D063972BAB2FDB00ADBEB4 /* PBXContainerItemProxy */ = {
			isa = PBXContainerItemProxy;
			containerPortal = D6D0637E2BAB2FD900ADBEB4 /* Project object */;
			proxyType = 1;
			remoteGlobalIDString = D6D063852BAB2FD900ADBEB4;
			remoteInfo = PokeDex_Developer;
		};
		D6D063A12BAB2FDB00ADBEB4 /* PBXContainerItemProxy */ = {
			isa = PBXContainerItemProxy;
			containerPortal = D6D0637E2BAB2FD900ADBEB4 /* Project object */;
			proxyType = 1;
			remoteGlobalIDString = D6D063852BAB2FD900ADBEB4;
			remoteInfo = PokeDex_Developer;
		};
/* End PBXContainerItemProxy section */

/* Begin PBXFileReference section */
		D62E3BB02BAE97C60088758D /* TypeFilter.swift */ = {isa = PBXFileReference; lastKnownFileType = sourcecode.swift; path = TypeFilter.swift; sourceTree = "<group>"; };
		D62E3BB22BAE9BEB0088758D /* PokemonEvolutoinManager.swift */ = {isa = PBXFileReference; lastKnownFileType = sourcecode.swift; path = PokemonEvolutoinManager.swift; sourceTree = "<group>"; };
		D62E3BB42BAEB2BE0088758D /* Pokemon.swift */ = {isa = PBXFileReference; lastKnownFileType = sourcecode.swift; path = Pokemon.swift; sourceTree = "<group>"; };
		D62E3BB92BB296620088758D /* PokemonEvolutionInfo.swift */ = {isa = PBXFileReference; lastKnownFileType = sourcecode.swift; path = PokemonEvolutionInfo.swift; sourceTree = "<group>"; };
		D62E3BBB2BB296E90088758D /* PokemonEvolution.swift */ = {isa = PBXFileReference; lastKnownFileType = sourcecode.swift; path = PokemonEvolution.swift; sourceTree = "<group>"; };
		D62E3BBE2BB2A0730088758D /* EvolTreeNodeView.swift */ = {isa = PBXFileReference; lastKnownFileType = sourcecode.swift; path = EvolTreeNodeView.swift; sourceTree = "<group>"; };
		D62E3BC02BB2A0A80088758D /* RequestTestView.swift */ = {isa = PBXFileReference; lastKnownFileType = sourcecode.swift; path = RequestTestView.swift; sourceTree = "<group>"; };
		D63E54852BE4DF9A00DE52E8 /* FetchParametersManager.swift */ = {isa = PBXFileReference; lastKnownFileType = sourcecode.swift; path = FetchParametersManager.swift; sourceTree = "<group>"; };
		D63E54882BE4FC4800DE52E8 /* VarietiesResponse.swift */ = {isa = PBXFileReference; lastKnownFileType = sourcecode.swift; path = VarietiesResponse.swift; sourceTree = "<group>"; };
		D63E548B2BE4FCE600DE52E8 /* PokemonsListResponse.swift */ = {isa = PBXFileReference; lastKnownFileType = sourcecode.swift; path = PokemonsListResponse.swift; sourceTree = "<group>"; };
		D63E548D2BE4FCFC00DE52E8 /* PokemonsList.swift */ = {isa = PBXFileReference; lastKnownFileType = sourcecode.swift; path = PokemonsList.swift; sourceTree = "<group>"; };
		D63E548F2BE4FD5C00DE52E8 /* PokemonPages.swift */ = {isa = PBXFileReference; lastKnownFileType = sourcecode.swift; path = PokemonPages.swift; sourceTree = "<group>"; };
		D67EDB022BEA450C009C87BD /* VarietiesView.swift */ = {isa = PBXFileReference; lastKnownFileType = sourcecode.swift; path = VarietiesView.swift; sourceTree = "<group>"; };
		D67EDB052BEA4735009C87BD /* Varieties.swift */ = {isa = PBXFileReference; lastKnownFileType = sourcecode.swift; path = Varieties.swift; sourceTree = "<group>"; };
		D67EDB072BEA477B009C87BD /* Abilites.swift */ = {isa = PBXFileReference; lastKnownFileType = sourcecode.swift; path = Abilites.swift; sourceTree = "<group>"; };
		D67EDB092BEA478C009C87BD /* Form.swift */ = {isa = PBXFileReference; lastKnownFileType = sourcecode.swift; path = Form.swift; sourceTree = "<group>"; };
		D6B27F072BE0DF7900D693F5 /* Pokemons.swift */ = {isa = PBXFileReference; lastKnownFileType = sourcecode.swift; path = Pokemons.swift; sourceTree = "<group>"; };
		D6B27F252BE13ADE00D693F5 /* PokeDex-Developer-Info.plist */ = {isa = PBXFileReference; fileEncoding = 4; lastKnownFileType = text.plist.xml; path = "PokeDex-Developer-Info.plist"; sourceTree = "<group>"; };
		D6B27F272BE206F700D693F5 /* Config.xcconfig */ = {isa = PBXFileReference; lastKnownFileType = text.xcconfig; path = Config.xcconfig; sourceTree = "<group>"; };
		D6B27F282BE2088000D693F5 /* PokemonResponse.swift */ = {isa = PBXFileReference; lastKnownFileType = sourcecode.swift; path = PokemonResponse.swift; sourceTree = "<group>"; };
		D6B27F2B2BE2167C00D693F5 /* Base.swift */ = {isa = PBXFileReference; lastKnownFileType = sourcecode.swift; path = Base.swift; sourceTree = "<group>"; };
		D6B27F2D2BE2168200D693F5 /* Dex.swift */ = {isa = PBXFileReference; lastKnownFileType = sourcecode.swift; path = Dex.swift; sourceTree = "<group>"; };
		D6B27F2F2BE2168A00D693F5 /* TextEntries.swift */ = {isa = PBXFileReference; lastKnownFileType = sourcecode.swift; path = TextEntries.swift; sourceTree = "<group>"; };
		D6B4C05C2BB2B070009D0D25 /* PokemonInfoView.swift */ = {isa = PBXFileReference; lastKnownFileType = sourcecode.swift; path = PokemonInfoView.swift; sourceTree = "<group>"; };
		D6B4C05E2BB2B1BC009D0D25 /* UpdateViewModel.swift */ = {isa = PBXFileReference; lastKnownFileType = sourcecode.swift; path = UpdateViewModel.swift; sourceTree = "<group>"; };
		D6C2744D2BEA0E080047C94D /* PokemonView.swift */ = {isa = PBXFileReference; lastKnownFileType = sourcecode.swift; path = PokemonView.swift; sourceTree = "<group>"; };
		D6C274502BEA0F0C0047C94D /* UpdateButtonView.swift */ = {isa = PBXFileReference; lastKnownFileType = sourcecode.swift; path = UpdateButtonView.swift; sourceTree = "<group>"; };
		D6D063862BAB2FD900ADBEB4 /* PokeDex_Developer.app */ = {isa = PBXFileReference; explicitFileType = wrapper.application; includeInIndex = 0; path = PokeDex_Developer.app; sourceTree = BUILT_PRODUCTS_DIR; };
		D6D063892BAB2FD900ADBEB4 /* PokeDex_DeveloperApp.swift */ = {isa = PBXFileReference; lastKnownFileType = sourcecode.swift; path = PokeDex_DeveloperApp.swift; sourceTree = "<group>"; };
		D6D0638B2BAB2FD900ADBEB4 /* ContentView.swift */ = {isa = PBXFileReference; lastKnownFileType = sourcecode.swift; path = ContentView.swift; sourceTree = "<group>"; };
		D6D0638D2BAB2FDB00ADBEB4 /* Assets.xcassets */ = {isa = PBXFileReference; lastKnownFileType = folder.assetcatalog; path = Assets.xcassets; sourceTree = "<group>"; };
		D6D063902BAB2FDB00ADBEB4 /* Preview Assets.xcassets */ = {isa = PBXFileReference; lastKnownFileType = folder.assetcatalog; path = "Preview Assets.xcassets"; sourceTree = "<group>"; };
		D6D063962BAB2FDB00ADBEB4 /* PokeDex_DeveloperTests.xctest */ = {isa = PBXFileReference; explicitFileType = wrapper.cfbundle; includeInIndex = 0; path = PokeDex_DeveloperTests.xctest; sourceTree = BUILT_PRODUCTS_DIR; };
		D6D0639A2BAB2FDB00ADBEB4 /* PokeDex_DeveloperTests.swift */ = {isa = PBXFileReference; lastKnownFileType = sourcecode.swift; path = PokeDex_DeveloperTests.swift; sourceTree = "<group>"; };
		D6D063A02BAB2FDB00ADBEB4 /* PokeDex_DeveloperUITests.xctest */ = {isa = PBXFileReference; explicitFileType = wrapper.cfbundle; includeInIndex = 0; path = PokeDex_DeveloperUITests.xctest; sourceTree = BUILT_PRODUCTS_DIR; };
		D6D063A42BAB2FDB00ADBEB4 /* PokeDex_DeveloperUITests.swift */ = {isa = PBXFileReference; lastKnownFileType = sourcecode.swift; path = PokeDex_DeveloperUITests.swift; sourceTree = "<group>"; };
		D6D063A62BAB2FDB00ADBEB4 /* PokeDex_DeveloperUITestsLaunchTests.swift */ = {isa = PBXFileReference; lastKnownFileType = sourcecode.swift; path = PokeDex_DeveloperUITestsLaunchTests.swift; sourceTree = "<group>"; };
		D6D063BE2BAB3A1400ADBEB4 /* PokemonSpeciesManager.swift */ = {isa = PBXFileReference; lastKnownFileType = sourcecode.swift; path = PokemonSpeciesManager.swift; sourceTree = "<group>"; };
		D6F54E5E2BABFB0800145AFF /* VersionFilter.swift */ = {isa = PBXFileReference; lastKnownFileType = sourcecode.swift; path = VersionFilter.swift; sourceTree = "<group>"; };
		D6F54E602BAC142D00145AFF /* AreaFilter.swift */ = {isa = PBXFileReference; lastKnownFileType = sourcecode.swift; path = AreaFilter.swift; sourceTree = "<group>"; };
		D6F54E6C2BAC419300145AFF /* PokemonSpecies.swift */ = {isa = PBXFileReference; lastKnownFileType = sourcecode.swift; path = PokemonSpecies.swift; sourceTree = "<group>"; };
		D6F54E6E2BAC449E00145AFF /* PokemonManager.swift */ = {isa = PBXFileReference; lastKnownFileType = sourcecode.swift; path = PokemonManager.swift; sourceTree = "<group>"; };
		D6F54E732BADAD5800145AFF /* FormsFilter.swift */ = {isa = PBXFileReference; lastKnownFileType = sourcecode.swift; path = FormsFilter.swift; sourceTree = "<group>"; };
		D6F54E752BADB8AB00145AFF /* StatFilter.swift */ = {isa = PBXFileReference; lastKnownFileType = sourcecode.swift; path = StatFilter.swift; sourceTree = "<group>"; };
/* End PBXFileReference section */

/* Begin PBXFrameworksBuildPhase section */
		D6D063832BAB2FD900ADBEB4 /* Frameworks */ = {
			isa = PBXFrameworksBuildPhase;
			buildActionMask = 2147483647;
			files = (
				D6681FFD2BE2504C0045DE11 /* Kingfisher in Frameworks */,
				D6B27F212BE1319500D693F5 /* Alamofire in Frameworks */,
				D6B4C0622BB309CD009D0D25 /* PokemonAPI in Frameworks */,
			);
			runOnlyForDeploymentPostprocessing = 0;
		};
		D6D063932BAB2FDB00ADBEB4 /* Frameworks */ = {
			isa = PBXFrameworksBuildPhase;
			buildActionMask = 2147483647;
			files = (
			);
			runOnlyForDeploymentPostprocessing = 0;
		};
		D6D0639D2BAB2FDB00ADBEB4 /* Frameworks */ = {
			isa = PBXFrameworksBuildPhase;
			buildActionMask = 2147483647;
			files = (
			);
			runOnlyForDeploymentPostprocessing = 0;
		};
/* End PBXFrameworksBuildPhase section */

/* Begin PBXGroup section */
		D62E3BB82BB296510088758D /* Node */ = {
			isa = PBXGroup;
			children = (
				D62E3BB92BB296620088758D /* PokemonEvolutionInfo.swift */,
			);
			path = Node;
			sourceTree = "<group>";
		};
		D62E3BBD2BB2A0580088758D /* Test */ = {
			isa = PBXGroup;
			children = (
				D62E3BBE2BB2A0730088758D /* EvolTreeNodeView.swift */,
				D62E3BC02BB2A0A80088758D /* RequestTestView.swift */,
			);
			path = Test;
			sourceTree = "<group>";
		};
		D63E54872BE4FC2600DE52E8 /* Response */ = {
			isa = PBXGroup;
			children = (
				D6B27F282BE2088000D693F5 /* PokemonResponse.swift */,
				D63E548B2BE4FCE600DE52E8 /* PokemonsListResponse.swift */,
				D63E54882BE4FC4800DE52E8 /* VarietiesResponse.swift */,
			);
			path = Response;
			sourceTree = "<group>";
		};
		D63E548A2BE4FCCE00DE52E8 /* PokemonsList */ = {
			isa = PBXGroup;
			children = (
				D63E548D2BE4FCFC00DE52E8 /* PokemonsList.swift */,
				D63E548F2BE4FD5C00DE52E8 /* PokemonPages.swift */,
			);
			path = PokemonsList;
			sourceTree = "<group>";
		};
		D67EDB042BEA46F1009C87BD /* Varieties */ = {
			isa = PBXGroup;
			children = (
				D67EDB052BEA4735009C87BD /* Varieties.swift */,
				D67EDB072BEA477B009C87BD /* Abilites.swift */,
				D67EDB092BEA478C009C87BD /* Form.swift */,
			);
			path = Varieties;
			sourceTree = "<group>";
		};
		D6B27F062BE0DF5B00D693F5 /* Model */ = {
			isa = PBXGroup;
			children = (
				D67EDB042BEA46F1009C87BD /* Varieties */,
				D63E54872BE4FC2600DE52E8 /* Response */,
				D63E548A2BE4FCCE00DE52E8 /* PokemonsList */,
				D6B27F2A2BE2166E00D693F5 /* Pokemons */,
			);
			path = Model;
			sourceTree = "<group>";
		};
		D6B27F2A2BE2166E00D693F5 /* Pokemons */ = {
			isa = PBXGroup;
			children = (
				D6B27F072BE0DF7900D693F5 /* Pokemons.swift */,
				D6B27F2B2BE2167C00D693F5 /* Base.swift */,
				D6B27F2D2BE2168200D693F5 /* Dex.swift */,
				D6B27F2F2BE2168A00D693F5 /* TextEntries.swift */,
			);
			path = Pokemons;
			sourceTree = "<group>";
		};
		D6B4C0522BB2A521009D0D25 /* Frameworks */ = {
			isa = PBXGroup;
			children = (
			);
			name = Frameworks;
			sourceTree = "<group>";
		};
		D6B4C05B2BB2B05E009D0D25 /* View */ = {
			isa = PBXGroup;
			children = (
				D6B4C05C2BB2B070009D0D25 /* PokemonInfoView.swift */,
				D6C2744D2BEA0E080047C94D /* PokemonView.swift */,
				D67EDB022BEA450C009C87BD /* VarietiesView.swift */,
			);
			path = View;
			sourceTree = "<group>";
		};
		D6C2744F2BEA0EFB0047C94D /* Components */ = {
			isa = PBXGroup;
			children = (
				D6C274502BEA0F0C0047C94D /* UpdateButtonView.swift */,
			);
			path = Components;
			sourceTree = "<group>";
		};
		D6D0637D2BAB2FD900ADBEB4 = {
			isa = PBXGroup;
			children = (
				D6D063882BAB2FD900ADBEB4 /* PokeDex_Developer */,
				D6D063992BAB2FDB00ADBEB4 /* PokeDex_DeveloperTests */,
				D6D063A32BAB2FDB00ADBEB4 /* PokeDex_DeveloperUITests */,
				D6D063872BAB2FD900ADBEB4 /* Products */,
				D6B4C0522BB2A521009D0D25 /* Frameworks */,
			);
			sourceTree = "<group>";
		};
		D6D063872BAB2FD900ADBEB4 /* Products */ = {
			isa = PBXGroup;
			children = (
				D6D063862BAB2FD900ADBEB4 /* PokeDex_Developer.app */,
				D6D063962BAB2FDB00ADBEB4 /* PokeDex_DeveloperTests.xctest */,
				D6D063A02BAB2FDB00ADBEB4 /* PokeDex_DeveloperUITests.xctest */,
			);
			name = Products;
			sourceTree = "<group>";
		};
		D6D063882BAB2FD900ADBEB4 /* PokeDex_Developer */ = {
			isa = PBXGroup;
			children = (
				D6C2744F2BEA0EFB0047C94D /* Components */,
				D6D063892BAB2FD900ADBEB4 /* PokeDex_DeveloperApp.swift */,
				D6B27F252BE13ADE00D693F5 /* PokeDex-Developer-Info.plist */,
				D6B27F062BE0DF5B00D693F5 /* Model */,
				D6B4C05B2BB2B05E009D0D25 /* View */,
				D62E3BBD2BB2A0580088758D /* Test */,
				D62E3BB82BB296510088758D /* Node */,
				D6D0638B2BAB2FD900ADBEB4 /* ContentView.swift */,
				D6F54E6B2BAC417D00145AFF /* Protocol */,
				D6F54E5D2BABFAF300145AFF /* Filter */,
				D6D063BD2BAB39F900ADBEB4 /* Manager */,
				D6D0638D2BAB2FDB00ADBEB4 /* Assets.xcassets */,
				D6D0638F2BAB2FDB00ADBEB4 /* Preview Content */,
				D6B27F272BE206F700D693F5 /* Config.xcconfig */,
			);
			path = PokeDex_Developer;
			sourceTree = "<group>";
		};
		D6D0638F2BAB2FDB00ADBEB4 /* Preview Content */ = {
			isa = PBXGroup;
			children = (
				D6D063902BAB2FDB00ADBEB4 /* Preview Assets.xcassets */,
			);
			path = "Preview Content";
			sourceTree = "<group>";
		};
		D6D063992BAB2FDB00ADBEB4 /* PokeDex_DeveloperTests */ = {
			isa = PBXGroup;
			children = (
				D6D0639A2BAB2FDB00ADBEB4 /* PokeDex_DeveloperTests.swift */,
			);
			path = PokeDex_DeveloperTests;
			sourceTree = "<group>";
		};
		D6D063A32BAB2FDB00ADBEB4 /* PokeDex_DeveloperUITests */ = {
			isa = PBXGroup;
			children = (
				D6D063A42BAB2FDB00ADBEB4 /* PokeDex_DeveloperUITests.swift */,
				D6D063A62BAB2FDB00ADBEB4 /* PokeDex_DeveloperUITestsLaunchTests.swift */,
			);
			path = PokeDex_DeveloperUITests;
			sourceTree = "<group>";
		};
		D6D063BD2BAB39F900ADBEB4 /* Manager */ = {
			isa = PBXGroup;
			children = (
				D6D063BE2BAB3A1400ADBEB4 /* PokemonSpeciesManager.swift */,
				D6F54E6E2BAC449E00145AFF /* PokemonManager.swift */,
				D62E3BB22BAE9BEB0088758D /* PokemonEvolutoinManager.swift */,
				D6B4C05E2BB2B1BC009D0D25 /* UpdateViewModel.swift */,
				D63E54852BE4DF9A00DE52E8 /* FetchParametersManager.swift */,
			);
			path = Manager;
			sourceTree = "<group>";
		};
		D6F54E5D2BABFAF300145AFF /* Filter */ = {
			isa = PBXGroup;
			children = (
				D6F54E5E2BABFB0800145AFF /* VersionFilter.swift */,
				D6F54E602BAC142D00145AFF /* AreaFilter.swift */,
				D6F54E732BADAD5800145AFF /* FormsFilter.swift */,
				D6F54E752BADB8AB00145AFF /* StatFilter.swift */,
				D62E3BB02BAE97C60088758D /* TypeFilter.swift */,
			);
			path = Filter;
			sourceTree = "<group>";
		};
		D6F54E6B2BAC417D00145AFF /* Protocol */ = {
			isa = PBXGroup;
			children = (
				D6F54E6C2BAC419300145AFF /* PokemonSpecies.swift */,
				D62E3BB42BAEB2BE0088758D /* Pokemon.swift */,
				D62E3BBB2BB296E90088758D /* PokemonEvolution.swift */,
			);
			path = Protocol;
			sourceTree = "<group>";
		};
/* End PBXGroup section */

/* Begin PBXNativeTarget section */
		D6D063852BAB2FD900ADBEB4 /* PokeDex_Developer */ = {
			isa = PBXNativeTarget;
			buildConfigurationList = D6D063AA2BAB2FDB00ADBEB4 /* Build configuration list for PBXNativeTarget "PokeDex_Developer" */;
			buildPhases = (
				D6D063822BAB2FD900ADBEB4 /* Sources */,
				D6D063832BAB2FD900ADBEB4 /* Frameworks */,
				D6D063842BAB2FD900ADBEB4 /* Resources */,
			);
			buildRules = (
			);
			dependencies = (
			);
			name = PokeDex_Developer;
			packageProductDependencies = (
				D6B4C0612BB309CD009D0D25 /* PokemonAPI */,
				D6B27F202BE1319500D693F5 /* Alamofire */,
				D6681FFC2BE2504C0045DE11 /* Kingfisher */,
			);
			productName = PokeDex_Developer;
			productReference = D6D063862BAB2FD900ADBEB4 /* PokeDex_Developer.app */;
			productType = "com.apple.product-type.application";
		};
		D6D063952BAB2FDB00ADBEB4 /* PokeDex_DeveloperTests */ = {
			isa = PBXNativeTarget;
			buildConfigurationList = D6D063AD2BAB2FDB00ADBEB4 /* Build configuration list for PBXNativeTarget "PokeDex_DeveloperTests" */;
			buildPhases = (
				D6D063922BAB2FDB00ADBEB4 /* Sources */,
				D6D063932BAB2FDB00ADBEB4 /* Frameworks */,
				D6D063942BAB2FDB00ADBEB4 /* Resources */,
			);
			buildRules = (
			);
			dependencies = (
				D6D063982BAB2FDB00ADBEB4 /* PBXTargetDependency */,
			);
			name = PokeDex_DeveloperTests;
			productName = PokeDex_DeveloperTests;
			productReference = D6D063962BAB2FDB00ADBEB4 /* PokeDex_DeveloperTests.xctest */;
			productType = "com.apple.product-type.bundle.unit-test";
		};
		D6D0639F2BAB2FDB00ADBEB4 /* PokeDex_DeveloperUITests */ = {
			isa = PBXNativeTarget;
			buildConfigurationList = D6D063B02BAB2FDB00ADBEB4 /* Build configuration list for PBXNativeTarget "PokeDex_DeveloperUITests" */;
			buildPhases = (
				D6D0639C2BAB2FDB00ADBEB4 /* Sources */,
				D6D0639D2BAB2FDB00ADBEB4 /* Frameworks */,
				D6D0639E2BAB2FDB00ADBEB4 /* Resources */,
			);
			buildRules = (
			);
			dependencies = (
				D6D063A22BAB2FDB00ADBEB4 /* PBXTargetDependency */,
			);
			name = PokeDex_DeveloperUITests;
			productName = PokeDex_DeveloperUITests;
			productReference = D6D063A02BAB2FDB00ADBEB4 /* PokeDex_DeveloperUITests.xctest */;
			productType = "com.apple.product-type.bundle.ui-testing";
		};
/* End PBXNativeTarget section */

/* Begin PBXProject section */
		D6D0637E2BAB2FD900ADBEB4 /* Project object */ = {
			isa = PBXProject;
			attributes = {
				BuildIndependentTargetsInParallel = 1;
				LastSwiftUpdateCheck = 1530;
				LastUpgradeCheck = 1530;
				TargetAttributes = {
					D6D063852BAB2FD900ADBEB4 = {
						CreatedOnToolsVersion = 15.3;
					};
					D6D063952BAB2FDB00ADBEB4 = {
						CreatedOnToolsVersion = 15.3;
						TestTargetID = D6D063852BAB2FD900ADBEB4;
					};
					D6D0639F2BAB2FDB00ADBEB4 = {
						CreatedOnToolsVersion = 15.3;
						TestTargetID = D6D063852BAB2FD900ADBEB4;
					};
				};
			};
			buildConfigurationList = D6D063812BAB2FD900ADBEB4 /* Build configuration list for PBXProject "PokeDex_Developer" */;
			compatibilityVersion = "Xcode 14.0";
			developmentRegion = en;
			hasScannedForEncodings = 0;
			knownRegions = (
				en,
				Base,
			);
			mainGroup = D6D0637D2BAB2FD900ADBEB4;
			packageReferences = (
				D6B4C0602BB309CC009D0D25 /* XCRemoteSwiftPackageReference "PokemonAPI" */,
				D6B27F1F2BE1319500D693F5 /* XCRemoteSwiftPackageReference "Alamofire" */,
				D6681FFB2BE2504C0045DE11 /* XCRemoteSwiftPackageReference "Kingfisher" */,
			);
			productRefGroup = D6D063872BAB2FD900ADBEB4 /* Products */;
			projectDirPath = "";
			projectRoot = "";
			targets = (
				D6D063852BAB2FD900ADBEB4 /* PokeDex_Developer */,
				D6D063952BAB2FDB00ADBEB4 /* PokeDex_DeveloperTests */,
				D6D0639F2BAB2FDB00ADBEB4 /* PokeDex_DeveloperUITests */,
			);
		};
/* End PBXProject section */

/* Begin PBXResourcesBuildPhase section */
		D6D063842BAB2FD900ADBEB4 /* Resources */ = {
			isa = PBXResourcesBuildPhase;
			buildActionMask = 2147483647;
			files = (
				D6D063912BAB2FDB00ADBEB4 /* Preview Assets.xcassets in Resources */,
				D6D0638E2BAB2FDB00ADBEB4 /* Assets.xcassets in Resources */,
				D6B27F262BE13ADE00D693F5 /* PokeDex-Developer-Info.plist in Resources */,
			);
			runOnlyForDeploymentPostprocessing = 0;
		};
		D6D063942BAB2FDB00ADBEB4 /* Resources */ = {
			isa = PBXResourcesBuildPhase;
			buildActionMask = 2147483647;
			files = (
			);
			runOnlyForDeploymentPostprocessing = 0;
		};
		D6D0639E2BAB2FDB00ADBEB4 /* Resources */ = {
			isa = PBXResourcesBuildPhase;
			buildActionMask = 2147483647;
			files = (
			);
			runOnlyForDeploymentPostprocessing = 0;
		};
/* End PBXResourcesBuildPhase section */

/* Begin PBXSourcesBuildPhase section */
		D6D063822BAB2FD900ADBEB4 /* Sources */ = {
			isa = PBXSourcesBuildPhase;
			buildActionMask = 2147483647;
			files = (
				D6B27F2C2BE2167C00D693F5 /* Base.swift in Sources */,
				D6F54E6D2BAC419300145AFF /* PokemonSpecies.swift in Sources */,
				D63E54892BE4FC4800DE52E8 /* VarietiesResponse.swift in Sources */,
				D6F54E762BADB8AB00145AFF /* StatFilter.swift in Sources */,
				D62E3BC12BB2A0A80088758D /* RequestTestView.swift in Sources */,
				D6B27F302BE2168A00D693F5 /* TextEntries.swift in Sources */,
				D67EDB082BEA477B009C87BD /* Abilites.swift in Sources */,
				D6B4C05D2BB2B070009D0D25 /* PokemonInfoView.swift in Sources */,
				D6C2744E2BEA0E080047C94D /* PokemonView.swift in Sources */,
				D6F54E742BADAD5800145AFF /* FormsFilter.swift in Sources */,
				D63E548C2BE4FCE600DE52E8 /* PokemonsListResponse.swift in Sources */,
				D6F54E6F2BAC449E00145AFF /* PokemonManager.swift in Sources */,
				D63E54862BE4DF9A00DE52E8 /* FetchParametersManager.swift in Sources */,
				D67EDB032BEA450C009C87BD /* VarietiesView.swift in Sources */,
				D63E548E2BE4FCFC00DE52E8 /* PokemonsList.swift in Sources */,
				D6D063BF2BAB3A1400ADBEB4 /* PokemonSpeciesManager.swift in Sources */,
				D6B4C05F2BB2B1BC009D0D25 /* UpdateViewModel.swift in Sources */,
				D62E3BB52BAEB2BE0088758D /* Pokemon.swift in Sources */,
				D62E3BB32BAE9BEB0088758D /* PokemonEvolutoinManager.swift in Sources */,
				D6C274512BEA0F0C0047C94D /* UpdateButtonView.swift in Sources */,
				D6B27F2E2BE2168200D693F5 /* Dex.swift in Sources */,
				D62E3BBF2BB2A0730088758D /* EvolTreeNodeView.swift in Sources */,
				D63E54902BE4FD5C00DE52E8 /* PokemonPages.swift in Sources */,
				D67EDB0A2BEA478C009C87BD /* Form.swift in Sources */,
				D67EDB062BEA4735009C87BD /* Varieties.swift in Sources */,
				D6F54E612BAC142D00145AFF /* AreaFilter.swift in Sources */,
				D6D0638C2BAB2FD900ADBEB4 /* ContentView.swift in Sources */,
				D6F54E5F2BABFB0800145AFF /* VersionFilter.swift in Sources */,
				D62E3BBC2BB296E90088758D /* PokemonEvolution.swift in Sources */,
				D6B27F082BE0DF7900D693F5 /* Pokemons.swift in Sources */,
				D62E3BBA2BB296620088758D /* PokemonEvolutionInfo.swift in Sources */,
				D6D0638A2BAB2FD900ADBEB4 /* PokeDex_DeveloperApp.swift in Sources */,
				D6B27F292BE2088000D693F5 /* PokemonResponse.swift in Sources */,
				D62E3BB12BAE97C60088758D /* TypeFilter.swift in Sources */,
			);
			runOnlyForDeploymentPostprocessing = 0;
		};
		D6D063922BAB2FDB00ADBEB4 /* Sources */ = {
			isa = PBXSourcesBuildPhase;
			buildActionMask = 2147483647;
			files = (
				D6D0639B2BAB2FDB00ADBEB4 /* PokeDex_DeveloperTests.swift in Sources */,
			);
			runOnlyForDeploymentPostprocessing = 0;
		};
		D6D0639C2BAB2FDB00ADBEB4 /* Sources */ = {
			isa = PBXSourcesBuildPhase;
			buildActionMask = 2147483647;
			files = (
				D6D063A72BAB2FDB00ADBEB4 /* PokeDex_DeveloperUITestsLaunchTests.swift in Sources */,
				D6D063A52BAB2FDB00ADBEB4 /* PokeDex_DeveloperUITests.swift in Sources */,
			);
			runOnlyForDeploymentPostprocessing = 0;
		};
/* End PBXSourcesBuildPhase section */

/* Begin PBXTargetDependency section */
		D6D063982BAB2FDB00ADBEB4 /* PBXTargetDependency */ = {
			isa = PBXTargetDependency;
			target = D6D063852BAB2FD900ADBEB4 /* PokeDex_Developer */;
			targetProxy = D6D063972BAB2FDB00ADBEB4 /* PBXContainerItemProxy */;
		};
		D6D063A22BAB2FDB00ADBEB4 /* PBXTargetDependency */ = {
			isa = PBXTargetDependency;
			target = D6D063852BAB2FD900ADBEB4 /* PokeDex_Developer */;
			targetProxy = D6D063A12BAB2FDB00ADBEB4 /* PBXContainerItemProxy */;
		};
/* End PBXTargetDependency section */

/* Begin XCBuildConfiguration section */
		D6D063A82BAB2FDB00ADBEB4 /* Debug */ = {
			isa = XCBuildConfiguration;
			buildSettings = {
				ALWAYS_SEARCH_USER_PATHS = NO;
				ASSETCATALOG_COMPILER_GENERATE_SWIFT_ASSET_SYMBOL_EXTENSIONS = YES;
				CLANG_ANALYZER_NONNULL = YES;
				CLANG_ANALYZER_NUMBER_OBJECT_CONVERSION = YES_AGGRESSIVE;
				CLANG_CXX_LANGUAGE_STANDARD = "gnu++20";
				CLANG_ENABLE_MODULES = YES;
				CLANG_ENABLE_OBJC_ARC = YES;
				CLANG_ENABLE_OBJC_WEAK = YES;
				CLANG_WARN_BLOCK_CAPTURE_AUTORELEASING = YES;
				CLANG_WARN_BOOL_CONVERSION = YES;
				CLANG_WARN_COMMA = YES;
				CLANG_WARN_CONSTANT_CONVERSION = YES;
				CLANG_WARN_DEPRECATED_OBJC_IMPLEMENTATIONS = YES;
				CLANG_WARN_DIRECT_OBJC_ISA_USAGE = YES_ERROR;
				CLANG_WARN_DOCUMENTATION_COMMENTS = YES;
				CLANG_WARN_EMPTY_BODY = YES;
				CLANG_WARN_ENUM_CONVERSION = YES;
				CLANG_WARN_INFINITE_RECURSION = YES;
				CLANG_WARN_INT_CONVERSION = YES;
				CLANG_WARN_NON_LITERAL_NULL_CONVERSION = YES;
				CLANG_WARN_OBJC_IMPLICIT_RETAIN_SELF = YES;
				CLANG_WARN_OBJC_LITERAL_CONVERSION = YES;
				CLANG_WARN_OBJC_ROOT_CLASS = YES_ERROR;
				CLANG_WARN_QUOTED_INCLUDE_IN_FRAMEWORK_HEADER = YES;
				CLANG_WARN_RANGE_LOOP_ANALYSIS = YES;
				CLANG_WARN_STRICT_PROTOTYPES = YES;
				CLANG_WARN_SUSPICIOUS_MOVE = YES;
				CLANG_WARN_UNGUARDED_AVAILABILITY = YES_AGGRESSIVE;
				CLANG_WARN_UNREACHABLE_CODE = YES;
				CLANG_WARN__DUPLICATE_METHOD_MATCH = YES;
				COPY_PHASE_STRIP = NO;
				DEBUG_INFORMATION_FORMAT = dwarf;
				ENABLE_STRICT_OBJC_MSGSEND = YES;
				ENABLE_TESTABILITY = YES;
				ENABLE_USER_SCRIPT_SANDBOXING = YES;
				GCC_C_LANGUAGE_STANDARD = gnu17;
				GCC_DYNAMIC_NO_PIC = NO;
				GCC_NO_COMMON_BLOCKS = YES;
				GCC_OPTIMIZATION_LEVEL = 0;
				GCC_PREPROCESSOR_DEFINITIONS = (
					"DEBUG=1",
					"$(inherited)",
				);
				GCC_WARN_64_TO_32_BIT_CONVERSION = YES;
				GCC_WARN_ABOUT_RETURN_TYPE = YES_ERROR;
				GCC_WARN_UNDECLARED_SELECTOR = YES;
				GCC_WARN_UNINITIALIZED_AUTOS = YES_AGGRESSIVE;
				GCC_WARN_UNUSED_FUNCTION = YES;
				GCC_WARN_UNUSED_VARIABLE = YES;
				GENERATE_INFOPLIST_FILE = NO;
				INFOPLIST_FILE = "";
				IPHONEOS_DEPLOYMENT_TARGET = 17.4;
				LOCALIZATION_PREFERS_STRING_CATALOGS = YES;
				LOCAL_URL = "220.123.52.178:3000";
				MTL_ENABLE_DEBUG_INFO = INCLUDE_SOURCE;
				MTL_FAST_MATH = YES;
				ONLY_ACTIVE_ARCH = YES;
				SDKROOT = iphoneos;
				SWIFT_ACTIVE_COMPILATION_CONDITIONS = "DEBUG $(inherited)";
				SWIFT_OPTIMIZATION_LEVEL = "-Onone";
			};
			name = Debug;
		};
		D6D063A92BAB2FDB00ADBEB4 /* Release */ = {
			isa = XCBuildConfiguration;
			buildSettings = {
				ALWAYS_SEARCH_USER_PATHS = NO;
				ASSETCATALOG_COMPILER_GENERATE_SWIFT_ASSET_SYMBOL_EXTENSIONS = YES;
				CLANG_ANALYZER_NONNULL = YES;
				CLANG_ANALYZER_NUMBER_OBJECT_CONVERSION = YES_AGGRESSIVE;
				CLANG_CXX_LANGUAGE_STANDARD = "gnu++20";
				CLANG_ENABLE_MODULES = YES;
				CLANG_ENABLE_OBJC_ARC = YES;
				CLANG_ENABLE_OBJC_WEAK = YES;
				CLANG_WARN_BLOCK_CAPTURE_AUTORELEASING = YES;
				CLANG_WARN_BOOL_CONVERSION = YES;
				CLANG_WARN_COMMA = YES;
				CLANG_WARN_CONSTANT_CONVERSION = YES;
				CLANG_WARN_DEPRECATED_OBJC_IMPLEMENTATIONS = YES;
				CLANG_WARN_DIRECT_OBJC_ISA_USAGE = YES_ERROR;
				CLANG_WARN_DOCUMENTATION_COMMENTS = YES;
				CLANG_WARN_EMPTY_BODY = YES;
				CLANG_WARN_ENUM_CONVERSION = YES;
				CLANG_WARN_INFINITE_RECURSION = YES;
				CLANG_WARN_INT_CONVERSION = YES;
				CLANG_WARN_NON_LITERAL_NULL_CONVERSION = YES;
				CLANG_WARN_OBJC_IMPLICIT_RETAIN_SELF = YES;
				CLANG_WARN_OBJC_LITERAL_CONVERSION = YES;
				CLANG_WARN_OBJC_ROOT_CLASS = YES_ERROR;
				CLANG_WARN_QUOTED_INCLUDE_IN_FRAMEWORK_HEADER = YES;
				CLANG_WARN_RANGE_LOOP_ANALYSIS = YES;
				CLANG_WARN_STRICT_PROTOTYPES = YES;
				CLANG_WARN_SUSPICIOUS_MOVE = YES;
				CLANG_WARN_UNGUARDED_AVAILABILITY = YES_AGGRESSIVE;
				CLANG_WARN_UNREACHABLE_CODE = YES;
				CLANG_WARN__DUPLICATE_METHOD_MATCH = YES;
				COPY_PHASE_STRIP = NO;
				DEBUG_INFORMATION_FORMAT = "dwarf-with-dsym";
				ENABLE_NS_ASSERTIONS = NO;
				ENABLE_STRICT_OBJC_MSGSEND = YES;
				ENABLE_USER_SCRIPT_SANDBOXING = YES;
				GCC_C_LANGUAGE_STANDARD = gnu17;
				GCC_NO_COMMON_BLOCKS = YES;
				GCC_WARN_64_TO_32_BIT_CONVERSION = YES;
				GCC_WARN_ABOUT_RETURN_TYPE = YES_ERROR;
				GCC_WARN_UNDECLARED_SELECTOR = YES;
				GCC_WARN_UNINITIALIZED_AUTOS = YES_AGGRESSIVE;
				GCC_WARN_UNUSED_FUNCTION = YES;
				GCC_WARN_UNUSED_VARIABLE = YES;
				GENERATE_INFOPLIST_FILE = NO;
				INFOPLIST_FILE = "";
				IPHONEOS_DEPLOYMENT_TARGET = 17.4;
				LOCALIZATION_PREFERS_STRING_CATALOGS = YES;
				LOCAL_URL = "220.123.52.178:3000";
				MTL_ENABLE_DEBUG_INFO = NO;
				MTL_FAST_MATH = YES;
				SDKROOT = iphoneos;
				SWIFT_COMPILATION_MODE = wholemodule;
				VALIDATE_PRODUCT = YES;
			};
			name = Release;
		};
		D6D063AB2BAB2FDB00ADBEB4 /* Debug */ = {
			isa = XCBuildConfiguration;
			buildSettings = {
				ASSETCATALOG_COMPILER_APPICON_NAME = AppIcon;
				ASSETCATALOG_COMPILER_GLOBAL_ACCENT_COLOR_NAME = AccentColor;
				CODE_SIGN_STYLE = Automatic;
				CURRENT_PROJECT_VERSION = 1;
				DEVELOPMENT_ASSET_PATHS = "\"PokeDex_Developer/Preview Content\"";
				DEVELOPMENT_TEAM = N676ZFA7W8;
				ENABLE_PREVIEWS = YES;
				GENERATE_INFOPLIST_FILE = YES;
				INFOPLIST_FILE = "PokeDex_Developer/PokeDex-Developer-Info.plist";
				INFOPLIST_KEY_CFBundleDisplayName = "포케덱스_개발자앱";
				INFOPLIST_KEY_UIApplicationSceneManifest_Generation = YES;
				INFOPLIST_KEY_UIApplicationSupportsIndirectInputEvents = YES;
				INFOPLIST_KEY_UILaunchScreen_Generation = YES;
				INFOPLIST_KEY_UISupportedInterfaceOrientations_iPad = "UIInterfaceOrientationPortrait UIInterfaceOrientationPortraitUpsideDown UIInterfaceOrientationLandscapeLeft UIInterfaceOrientationLandscapeRight";
				INFOPLIST_KEY_UISupportedInterfaceOrientations_iPhone = "UIInterfaceOrientationPortrait UIInterfaceOrientationLandscapeLeft UIInterfaceOrientationLandscapeRight";
				LD_RUNPATH_SEARCH_PATHS = (
					"$(inherited)",
					"@executable_path/Frameworks",
				);
				MARKETING_VERSION = 1.0;
				PRODUCT_BUNDLE_IDENTIFIER = "quarang.PokeDex-Developer";
				PRODUCT_NAME = "$(TARGET_NAME)";
				SWIFT_EMIT_LOC_STRINGS = YES;
				SWIFT_VERSION = 5.0;
				TARGETED_DEVICE_FAMILY = "1,2";
			};
			name = Debug;
		};
		D6D063AC2BAB2FDB00ADBEB4 /* Release */ = {
			isa = XCBuildConfiguration;
			buildSettings = {
				ASSETCATALOG_COMPILER_APPICON_NAME = AppIcon;
				ASSETCATALOG_COMPILER_GLOBAL_ACCENT_COLOR_NAME = AccentColor;
				CODE_SIGN_STYLE = Automatic;
				CURRENT_PROJECT_VERSION = 1;
				DEVELOPMENT_ASSET_PATHS = "\"PokeDex_Developer/Preview Content\"";
				DEVELOPMENT_TEAM = N676ZFA7W8;
				ENABLE_PREVIEWS = YES;
				GENERATE_INFOPLIST_FILE = YES;
				INFOPLIST_FILE = "PokeDex_Developer/PokeDex-Developer-Info.plist";
				INFOPLIST_KEY_CFBundleDisplayName = "포케덱스_개발자앱";
				INFOPLIST_KEY_UIApplicationSceneManifest_Generation = YES;
				INFOPLIST_KEY_UIApplicationSupportsIndirectInputEvents = YES;
				INFOPLIST_KEY_UILaunchScreen_Generation = YES;
				INFOPLIST_KEY_UISupportedInterfaceOrientations_iPad = "UIInterfaceOrientationPortrait UIInterfaceOrientationPortraitUpsideDown UIInterfaceOrientationLandscapeLeft UIInterfaceOrientationLandscapeRight";
				INFOPLIST_KEY_UISupportedInterfaceOrientations_iPhone = "UIInterfaceOrientationPortrait UIInterfaceOrientationLandscapeLeft UIInterfaceOrientationLandscapeRight";
				LD_RUNPATH_SEARCH_PATHS = (
					"$(inherited)",
					"@executable_path/Frameworks",
				);
				MARKETING_VERSION = 1.0;
				PRODUCT_BUNDLE_IDENTIFIER = "quarang.PokeDex-Developer";
				PRODUCT_NAME = "$(TARGET_NAME)";
				SWIFT_EMIT_LOC_STRINGS = YES;
				SWIFT_VERSION = 5.0;
				TARGETED_DEVICE_FAMILY = "1,2";
			};
			name = Release;
		};
		D6D063AE2BAB2FDB00ADBEB4 /* Debug */ = {
			isa = XCBuildConfiguration;
			buildSettings = {
				ALWAYS_EMBED_SWIFT_STANDARD_LIBRARIES = YES;
				BUNDLE_LOADER = "$(TEST_HOST)";
				CODE_SIGN_STYLE = Automatic;
				CURRENT_PROJECT_VERSION = 1;
				DEVELOPMENT_TEAM = N676ZFA7W8;
				GENERATE_INFOPLIST_FILE = YES;
				IPHONEOS_DEPLOYMENT_TARGET = 17.4;
				MARKETING_VERSION = 1.0;
				PRODUCT_BUNDLE_IDENTIFIER = "quarang.PokeDex-DeveloperTests";
				PRODUCT_NAME = "$(TARGET_NAME)";
				SWIFT_EMIT_LOC_STRINGS = NO;
				SWIFT_VERSION = 5.0;
				TARGETED_DEVICE_FAMILY = "1,2";
				TEST_HOST = "$(BUILT_PRODUCTS_DIR)/PokeDex_Developer.app/$(BUNDLE_EXECUTABLE_FOLDER_PATH)/PokeDex_Developer";
			};
			name = Debug;
		};
		D6D063AF2BAB2FDB00ADBEB4 /* Release */ = {
			isa = XCBuildConfiguration;
			buildSettings = {
				ALWAYS_EMBED_SWIFT_STANDARD_LIBRARIES = YES;
				BUNDLE_LOADER = "$(TEST_HOST)";
				CODE_SIGN_STYLE = Automatic;
				CURRENT_PROJECT_VERSION = 1;
				DEVELOPMENT_TEAM = N676ZFA7W8;
				GENERATE_INFOPLIST_FILE = YES;
				IPHONEOS_DEPLOYMENT_TARGET = 17.4;
				MARKETING_VERSION = 1.0;
				PRODUCT_BUNDLE_IDENTIFIER = "quarang.PokeDex-DeveloperTests";
				PRODUCT_NAME = "$(TARGET_NAME)";
				SWIFT_EMIT_LOC_STRINGS = NO;
				SWIFT_VERSION = 5.0;
				TARGETED_DEVICE_FAMILY = "1,2";
				TEST_HOST = "$(BUILT_PRODUCTS_DIR)/PokeDex_Developer.app/$(BUNDLE_EXECUTABLE_FOLDER_PATH)/PokeDex_Developer";
			};
			name = Release;
		};
		D6D063B12BAB2FDB00ADBEB4 /* Debug */ = {
			isa = XCBuildConfiguration;
			buildSettings = {
				ALWAYS_EMBED_SWIFT_STANDARD_LIBRARIES = YES;
				CODE_SIGN_STYLE = Automatic;
				CURRENT_PROJECT_VERSION = 1;
				DEVELOPMENT_TEAM = N676ZFA7W8;
				GENERATE_INFOPLIST_FILE = YES;
				MARKETING_VERSION = 1.0;
				PRODUCT_BUNDLE_IDENTIFIER = "quarang.PokeDex-DeveloperUITests";
				PRODUCT_NAME = "$(TARGET_NAME)";
				SWIFT_EMIT_LOC_STRINGS = NO;
				SWIFT_VERSION = 5.0;
				TARGETED_DEVICE_FAMILY = "1,2";
				TEST_TARGET_NAME = PokeDex_Developer;
			};
			name = Debug;
		};
		D6D063B22BAB2FDB00ADBEB4 /* Release */ = {
			isa = XCBuildConfiguration;
			buildSettings = {
				ALWAYS_EMBED_SWIFT_STANDARD_LIBRARIES = YES;
				CODE_SIGN_STYLE = Automatic;
				CURRENT_PROJECT_VERSION = 1;
				DEVELOPMENT_TEAM = N676ZFA7W8;
				GENERATE_INFOPLIST_FILE = YES;
				MARKETING_VERSION = 1.0;
				PRODUCT_BUNDLE_IDENTIFIER = "quarang.PokeDex-DeveloperUITests";
				PRODUCT_NAME = "$(TARGET_NAME)";
				SWIFT_EMIT_LOC_STRINGS = NO;
				SWIFT_VERSION = 5.0;
				TARGETED_DEVICE_FAMILY = "1,2";
				TEST_TARGET_NAME = PokeDex_Developer;
			};
			name = Release;
		};
/* End XCBuildConfiguration section */

/* Begin XCConfigurationList section */
		D6D063812BAB2FD900ADBEB4 /* Build configuration list for PBXProject "PokeDex_Developer" */ = {
			isa = XCConfigurationList;
			buildConfigurations = (
				D6D063A82BAB2FDB00ADBEB4 /* Debug */,
				D6D063A92BAB2FDB00ADBEB4 /* Release */,
			);
			defaultConfigurationIsVisible = 0;
			defaultConfigurationName = Release;
		};
		D6D063AA2BAB2FDB00ADBEB4 /* Build configuration list for PBXNativeTarget "PokeDex_Developer" */ = {
			isa = XCConfigurationList;
			buildConfigurations = (
				D6D063AB2BAB2FDB00ADBEB4 /* Debug */,
				D6D063AC2BAB2FDB00ADBEB4 /* Release */,
			);
			defaultConfigurationIsVisible = 0;
			defaultConfigurationName = Release;
		};
		D6D063AD2BAB2FDB00ADBEB4 /* Build configuration list for PBXNativeTarget "PokeDex_DeveloperTests" */ = {
			isa = XCConfigurationList;
			buildConfigurations = (
				D6D063AE2BAB2FDB00ADBEB4 /* Debug */,
				D6D063AF2BAB2FDB00ADBEB4 /* Release */,
			);
			defaultConfigurationIsVisible = 0;
			defaultConfigurationName = Release;
		};
		D6D063B02BAB2FDB00ADBEB4 /* Build configuration list for PBXNativeTarget "PokeDex_DeveloperUITests" */ = {
			isa = XCConfigurationList;
			buildConfigurations = (
				D6D063B12BAB2FDB00ADBEB4 /* Debug */,
				D6D063B22BAB2FDB00ADBEB4 /* Release */,
			);
			defaultConfigurationIsVisible = 0;
			defaultConfigurationName = Release;
		};
/* End XCConfigurationList section */

/* Begin XCRemoteSwiftPackageReference section */
		D6681FFB2BE2504C0045DE11 /* XCRemoteSwiftPackageReference "Kingfisher" */ = {
			isa = XCRemoteSwiftPackageReference;
			repositoryURL = "https://github.com/onevcat/Kingfisher.git";
			requirement = {
				kind = upToNextMajorVersion;
				minimumVersion = 7.11.0;
			};
		};
		D6B27F1F2BE1319500D693F5 /* XCRemoteSwiftPackageReference "Alamofire" */ = {
			isa = XCRemoteSwiftPackageReference;
			repositoryURL = "https://github.com/Alamofire/Alamofire.git";
			requirement = {
				kind = upToNextMajorVersion;
				minimumVersion = 5.0.0;
			};
		};
		D6B4C0602BB309CC009D0D25 /* XCRemoteSwiftPackageReference "PokemonAPI" */ = {
			isa = XCRemoteSwiftPackageReference;
			repositoryURL = "https://github.com/QuaRang1225/PokemonAPI.git";
			requirement = {
				kind = revision;
				revision = ba3159257c7cbbdd13e1612a864a14b3be9545e8;
			};
		};
/* End XCRemoteSwiftPackageReference section */

/* Begin XCSwiftPackageProductDependency section */
		D6681FFC2BE2504C0045DE11 /* Kingfisher */ = {
			isa = XCSwiftPackageProductDependency;
			package = D6681FFB2BE2504C0045DE11 /* XCRemoteSwiftPackageReference "Kingfisher" */;
			productName = Kingfisher;
		};
		D6B27F202BE1319500D693F5 /* Alamofire */ = {
			isa = XCSwiftPackageProductDependency;
			package = D6B27F1F2BE1319500D693F5 /* XCRemoteSwiftPackageReference "Alamofire" */;
			productName = Alamofire;
		};
		D6B4C0612BB309CD009D0D25 /* PokemonAPI */ = {
			isa = XCSwiftPackageProductDependency;
			package = D6B4C0602BB309CC009D0D25 /* XCRemoteSwiftPackageReference "PokemonAPI" */;
			productName = PokemonAPI;
		};
/* End XCSwiftPackageProductDependency section */
	};
	rootObject = D6D0637E2BAB2FD900ADBEB4 /* Project object */;
}
