// !$*UTF8*$!
{
	archiveVersion = 1;
	classes = {
	};
	objectVersion = 56;
	objects = {

/* Begin PBXBuildFile section */
		D6D0638A2BAB2FD900ADBEB4 /* PokeDex_DeveloperApp.swift in Sources */ = {isa = PBXBuildFile; fileRef = D6D063892BAB2FD900ADBEB4 /* PokeDex_DeveloperApp.swift */; };
		D6D0638C2BAB2FD900ADBEB4 /* ContentView.swift in Sources */ = {isa = PBXBuildFile; fileRef = D6D0638B2BAB2FD900ADBEB4 /* ContentView.swift */; };
		D6D0638E2BAB2FDB00ADBEB4 /* Assets.xcassets in Resources */ = {isa = PBXBuildFile; fileRef = D6D0638D2BAB2FDB00ADBEB4 /* Assets.xcassets */; };
		D6D063912BAB2FDB00ADBEB4 /* Preview Assets.xcassets in Resources */ = {isa = PBXBuildFile; fileRef = D6D063902BAB2FDB00ADBEB4 /* Preview Assets.xcassets */; };
		D6D0639B2BAB2FDB00ADBEB4 /* PokeDex_DeveloperTests.swift in Sources */ = {isa = PBXBuildFile; fileRef = D6D0639A2BAB2FDB00ADBEB4 /* PokeDex_DeveloperTests.swift */; };
		D6D063A52BAB2FDB00ADBEB4 /* PokeDex_DeveloperUITests.swift in Sources */ = {isa = PBXBuildFile; fileRef = D6D063A42BAB2FDB00ADBEB4 /* PokeDex_DeveloperUITests.swift */; };
		D6D063A72BAB2FDB00ADBEB4 /* PokeDex_DeveloperUITestsLaunchTests.swift in Sources */ = {isa = PBXBuildFile; fileRef = D6D063A62BAB2FDB00ADBEB4 /* PokeDex_DeveloperUITestsLaunchTests.swift */; };
		D6D063B42BAB363800ADBEB4 /* GoogleService-Info.plist in Resources */ = {isa = PBXBuildFile; fileRef = D6D063B32BAB363800ADBEB4 /* GoogleService-Info.plist */; };
		D6D063B72BAB367B00ADBEB4 /* FirebaseFirestore in Frameworks */ = {isa = PBXBuildFile; productRef = D6D063B62BAB367B00ADBEB4 /* FirebaseFirestore */; };
		D6D063B92BAB367B00ADBEB4 /* FirebaseFirestoreSwift in Frameworks */ = {isa = PBXBuildFile; productRef = D6D063B82BAB367B00ADBEB4 /* FirebaseFirestoreSwift */; };
		D6D063BF2BAB3A1400ADBEB4 /* PokemonManager.swift in Sources */ = {isa = PBXBuildFile; fileRef = D6D063BE2BAB3A1400ADBEB4 /* PokemonManager.swift */; };
		D6F54E5F2BABFB0800145AFF /* VersionFilter.swift in Sources */ = {isa = PBXBuildFile; fileRef = D6F54E5E2BABFB0800145AFF /* VersionFilter.swift */; };
		D6F54E612BAC142D00145AFF /* AreaFilter.swift in Sources */ = {isa = PBXBuildFile; fileRef = D6F54E602BAC142D00145AFF /* AreaFilter.swift */; };
		D6F54E6A2BAC3D4F00145AFF /* PokemonAPI in Frameworks */ = {isa = PBXBuildFile; productRef = D6F54E692BAC3D4F00145AFF /* PokemonAPI */; };
/* End PBXBuildFile section */

/* Begin PBXContainerItemProxy section */
		D6D063972BAB2FDB00ADBEB4 /* PBXContainerItemProxy */ = {
			isa = PBXContainerItemProxy;
			containerPortal = D6D0637E2BAB2FD900ADBEB4 /* Project object */;
			proxyType = 1;
			remoteGlobalIDString = D6D063852BAB2FD900ADBEB4;
			remoteInfo = PokeDex_Developer;
		};
		D6D063A12BAB2FDB00ADBEB4 /* PBXContainerItemProxy */ = {
			isa = PBXContainerItemProxy;
			containerPortal = D6D0637E2BAB2FD900ADBEB4 /* Project object */;
			proxyType = 1;
			remoteGlobalIDString = D6D063852BAB2FD900ADBEB4;
			remoteInfo = PokeDex_Developer;
		};
/* End PBXContainerItemProxy section */

/* Begin PBXFileReference section */
		D6D063862BAB2FD900ADBEB4 /* PokeDex_Developer.app */ = {isa = PBXFileReference; explicitFileType = wrapper.application; includeInIndex = 0; path = PokeDex_Developer.app; sourceTree = BUILT_PRODUCTS_DIR; };
		D6D063892BAB2FD900ADBEB4 /* PokeDex_DeveloperApp.swift */ = {isa = PBXFileReference; lastKnownFileType = sourcecode.swift; path = PokeDex_DeveloperApp.swift; sourceTree = "<group>"; };
		D6D0638B2BAB2FD900ADBEB4 /* ContentView.swift */ = {isa = PBXFileReference; lastKnownFileType = sourcecode.swift; path = ContentView.swift; sourceTree = "<group>"; };
		D6D0638D2BAB2FDB00ADBEB4 /* Assets.xcassets */ = {isa = PBXFileReference; lastKnownFileType = folder.assetcatalog; path = Assets.xcassets; sourceTree = "<group>"; };
		D6D063902BAB2FDB00ADBEB4 /* Preview Assets.xcassets */ = {isa = PBXFileReference; lastKnownFileType = folder.assetcatalog; path = "Preview Assets.xcassets"; sourceTree = "<group>"; };
		D6D063962BAB2FDB00ADBEB4 /* PokeDex_DeveloperTests.xctest */ = {isa = PBXFileReference; explicitFileType = wrapper.cfbundle; includeInIndex = 0; path = PokeDex_DeveloperTests.xctest; sourceTree = BUILT_PRODUCTS_DIR; };
		D6D0639A2BAB2FDB00ADBEB4 /* PokeDex_DeveloperTests.swift */ = {isa = PBXFileReference; lastKnownFileType = sourcecode.swift; path = PokeDex_DeveloperTests.swift; sourceTree = "<group>"; };
		D6D063A02BAB2FDB00ADBEB4 /* PokeDex_DeveloperUITests.xctest */ = {isa = PBXFileReference; explicitFileType = wrapper.cfbundle; includeInIndex = 0; path = PokeDex_DeveloperUITests.xctest; sourceTree = BUILT_PRODUCTS_DIR; };
		D6D063A42BAB2FDB00ADBEB4 /* PokeDex_DeveloperUITests.swift */ = {isa = PBXFileReference; lastKnownFileType = sourcecode.swift; path = PokeDex_DeveloperUITests.swift; sourceTree = "<group>"; };
		D6D063A62BAB2FDB00ADBEB4 /* PokeDex_DeveloperUITestsLaunchTests.swift */ = {isa = PBXFileReference; lastKnownFileType = sourcecode.swift; path = PokeDex_DeveloperUITestsLaunchTests.swift; sourceTree = "<group>"; };
		D6D063B32BAB363800ADBEB4 /* GoogleService-Info.plist */ = {isa = PBXFileReference; fileEncoding = 4; lastKnownFileType = text.plist.xml; name = "GoogleService-Info.plist"; path = "../../../../../Downloads/GoogleService-Info.plist"; sourceTree = "<group>"; };
		D6D063BE2BAB3A1400ADBEB4 /* PokemonManager.swift */ = {isa = PBXFileReference; lastKnownFileType = sourcecode.swift; path = PokemonManager.swift; sourceTree = "<group>"; };
		D6F54E5E2BABFB0800145AFF /* VersionFilter.swift */ = {isa = PBXFileReference; lastKnownFileType = sourcecode.swift; path = VersionFilter.swift; sourceTree = "<group>"; };
		D6F54E602BAC142D00145AFF /* AreaFilter.swift */ = {isa = PBXFileReference; lastKnownFileType = sourcecode.swift; path = AreaFilter.swift; sourceTree = "<group>"; };
/* End PBXFileReference section */

/* Begin PBXFrameworksBuildPhase section */
		D6D063832BAB2FD900ADBEB4 /* Frameworks */ = {
			isa = PBXFrameworksBuildPhase;
			buildActionMask = 2147483647;
			files = (
				D6F54E6A2BAC3D4F00145AFF /* PokemonAPI in Frameworks */,
				D6D063B72BAB367B00ADBEB4 /* FirebaseFirestore in Frameworks */,
				D6D063B92BAB367B00ADBEB4 /* FirebaseFirestoreSwift in Frameworks */,
			);
			runOnlyForDeploymentPostprocessing = 0;
		};
		D6D063932BAB2FDB00ADBEB4 /* Frameworks */ = {
			isa = PBXFrameworksBuildPhase;
			buildActionMask = 2147483647;
			files = (
			);
			runOnlyForDeploymentPostprocessing = 0;
		};
		D6D0639D2BAB2FDB00ADBEB4 /* Frameworks */ = {
			isa = PBXFrameworksBuildPhase;
			buildActionMask = 2147483647;
			files = (
			);
			runOnlyForDeploymentPostprocessing = 0;
		};
/* End PBXFrameworksBuildPhase section */

/* Begin PBXGroup section */
		D6D0637D2BAB2FD900ADBEB4 = {
			isa = PBXGroup;
			children = (
				D6D063882BAB2FD900ADBEB4 /* PokeDex_Developer */,
				D6D063992BAB2FDB00ADBEB4 /* PokeDex_DeveloperTests */,
				D6D063A32BAB2FDB00ADBEB4 /* PokeDex_DeveloperUITests */,
				D6D063872BAB2FD900ADBEB4 /* Products */,
			);
			sourceTree = "<group>";
		};
		D6D063872BAB2FD900ADBEB4 /* Products */ = {
			isa = PBXGroup;
			children = (
				D6D063862BAB2FD900ADBEB4 /* PokeDex_Developer.app */,
				D6D063962BAB2FDB00ADBEB4 /* PokeDex_DeveloperTests.xctest */,
				D6D063A02BAB2FDB00ADBEB4 /* PokeDex_DeveloperUITests.xctest */,
			);
			name = Products;
			sourceTree = "<group>";
		};
		D6D063882BAB2FD900ADBEB4 /* PokeDex_Developer */ = {
			isa = PBXGroup;
			children = (
				D6D063B32BAB363800ADBEB4 /* GoogleService-Info.plist */,
				D6D063892BAB2FD900ADBEB4 /* PokeDex_DeveloperApp.swift */,
				D6D0638B2BAB2FD900ADBEB4 /* ContentView.swift */,
				D6F54E5D2BABFAF300145AFF /* Filter */,
				D6D063BD2BAB39F900ADBEB4 /* Pokemon */,
				D6D0638D2BAB2FDB00ADBEB4 /* Assets.xcassets */,
				D6D0638F2BAB2FDB00ADBEB4 /* Preview Content */,
			);
			path = PokeDex_Developer;
			sourceTree = "<group>";
		};
		D6D0638F2BAB2FDB00ADBEB4 /* Preview Content */ = {
			isa = PBXGroup;
			children = (
				D6D063902BAB2FDB00ADBEB4 /* Preview Assets.xcassets */,
			);
			path = "Preview Content";
			sourceTree = "<group>";
		};
		D6D063992BAB2FDB00ADBEB4 /* PokeDex_DeveloperTests */ = {
			isa = PBXGroup;
			children = (
				D6D0639A2BAB2FDB00ADBEB4 /* PokeDex_DeveloperTests.swift */,
			);
			path = PokeDex_DeveloperTests;
			sourceTree = "<group>";
		};
		D6D063A32BAB2FDB00ADBEB4 /* PokeDex_DeveloperUITests */ = {
			isa = PBXGroup;
			children = (
				D6D063A42BAB2FDB00ADBEB4 /* PokeDex_DeveloperUITests.swift */,
				D6D063A62BAB2FDB00ADBEB4 /* PokeDex_DeveloperUITestsLaunchTests.swift */,
			);
			path = PokeDex_DeveloperUITests;
			sourceTree = "<group>";
		};
		D6D063BD2BAB39F900ADBEB4 /* Pokemon */ = {
			isa = PBXGroup;
			children = (
				D6D063BE2BAB3A1400ADBEB4 /* PokemonManager.swift */,
			);
			path = Pokemon;
			sourceTree = "<group>";
		};
		D6F54E5D2BABFAF300145AFF /* Filter */ = {
			isa = PBXGroup;
			children = (
				D6F54E5E2BABFB0800145AFF /* VersionFilter.swift */,
				D6F54E602BAC142D00145AFF /* AreaFilter.swift */,
			);
			path = Filter;
			sourceTree = "<group>";
		};
/* End PBXGroup section */

/* Begin PBXNativeTarget section */
		D6D063852BAB2FD900ADBEB4 /* PokeDex_Developer */ = {
			isa = PBXNativeTarget;
			buildConfigurationList = D6D063AA2BAB2FDB00ADBEB4 /* Build configuration list for PBXNativeTarget "PokeDex_Developer" */;
			buildPhases = (
				D6D063822BAB2FD900ADBEB4 /* Sources */,
				D6D063832BAB2FD900ADBEB4 /* Frameworks */,
				D6D063842BAB2FD900ADBEB4 /* Resources */,
			);
			buildRules = (
			);
			dependencies = (
			);
			name = PokeDex_Developer;
			packageProductDependencies = (
				D6D063B62BAB367B00ADBEB4 /* FirebaseFirestore */,
				D6D063B82BAB367B00ADBEB4 /* FirebaseFirestoreSwift */,
				D6F54E692BAC3D4F00145AFF /* PokemonAPI */,
			);
			productName = PokeDex_Developer;
			productReference = D6D063862BAB2FD900ADBEB4 /* PokeDex_Developer.app */;
			productType = "com.apple.product-type.application";
		};
		D6D063952BAB2FDB00ADBEB4 /* PokeDex_DeveloperTests */ = {
			isa = PBXNativeTarget;
			buildConfigurationList = D6D063AD2BAB2FDB00ADBEB4 /* Build configuration list for PBXNativeTarget "PokeDex_DeveloperTests" */;
			buildPhases = (
				D6D063922BAB2FDB00ADBEB4 /* Sources */,
				D6D063932BAB2FDB00ADBEB4 /* Frameworks */,
				D6D063942BAB2FDB00ADBEB4 /* Resources */,
			);
			buildRules = (
			);
			dependencies = (
				D6D063982BAB2FDB00ADBEB4 /* PBXTargetDependency */,
			);
			name = PokeDex_DeveloperTests;
			productName = PokeDex_DeveloperTests;
			productReference = D6D063962BAB2FDB00ADBEB4 /* PokeDex_DeveloperTests.xctest */;
			productType = "com.apple.product-type.bundle.unit-test";
		};
		D6D0639F2BAB2FDB00ADBEB4 /* PokeDex_DeveloperUITests */ = {
			isa = PBXNativeTarget;
			buildConfigurationList = D6D063B02BAB2FDB00ADBEB4 /* Build configuration list for PBXNativeTarget "PokeDex_DeveloperUITests" */;
			buildPhases = (
				D6D0639C2BAB2FDB00ADBEB4 /* Sources */,
				D6D0639D2BAB2FDB00ADBEB4 /* Frameworks */,
				D6D0639E2BAB2FDB00ADBEB4 /* Resources */,
			);
			buildRules = (
			);
			dependencies = (
				D6D063A22BAB2FDB00ADBEB4 /* PBXTargetDependency */,
			);
			name = PokeDex_DeveloperUITests;
			productName = PokeDex_DeveloperUITests;
			productReference = D6D063A02BAB2FDB00ADBEB4 /* PokeDex_DeveloperUITests.xctest */;
			productType = "com.apple.product-type.bundle.ui-testing";
		};
/* End PBXNativeTarget section */

/* Begin PBXProject section */
		D6D0637E2BAB2FD900ADBEB4 /* Project object */ = {
			isa = PBXProject;
			attributes = {
				BuildIndependentTargetsInParallel = 1;
				LastSwiftUpdateCheck = 1530;
				LastUpgradeCheck = 1530;
				TargetAttributes = {
					D6D063852BAB2FD900ADBEB4 = {
						CreatedOnToolsVersion = 15.3;
					};
					D6D063952BAB2FDB00ADBEB4 = {
						CreatedOnToolsVersion = 15.3;
						TestTargetID = D6D063852BAB2FD900ADBEB4;
					};
					D6D0639F2BAB2FDB00ADBEB4 = {
						CreatedOnToolsVersion = 15.3;
						TestTargetID = D6D063852BAB2FD900ADBEB4;
					};
				};
			};
			buildConfigurationList = D6D063812BAB2FD900ADBEB4 /* Build configuration list for PBXProject "PokeDex_Developer" */;
			compatibilityVersion = "Xcode 14.0";
			developmentRegion = en;
			hasScannedForEncodings = 0;
			knownRegions = (
				en,
				Base,
			);
			mainGroup = D6D0637D2BAB2FD900ADBEB4;
			packageReferences = (
				D6D063B52BAB367B00ADBEB4 /* XCRemoteSwiftPackageReference "firebase-ios-sdk" */,
				D6F54E682BAC3D4F00145AFF /* XCRemoteSwiftPackageReference "PokemonAPI" */,
			);
			productRefGroup = D6D063872BAB2FD900ADBEB4 /* Products */;
			projectDirPath = "";
			projectRoot = "";
			targets = (
				D6D063852BAB2FD900ADBEB4 /* PokeDex_Developer */,
				D6D063952BAB2FDB00ADBEB4 /* PokeDex_DeveloperTests */,
				D6D0639F2BAB2FDB00ADBEB4 /* PokeDex_DeveloperUITests */,
			);
		};
/* End PBXProject section */

/* Begin PBXResourcesBuildPhase section */
		D6D063842BAB2FD900ADBEB4 /* Resources */ = {
			isa = PBXResourcesBuildPhase;
			buildActionMask = 2147483647;
			files = (
				D6D063912BAB2FDB00ADBEB4 /* Preview Assets.xcassets in Resources */,
				D6D0638E2BAB2FDB00ADBEB4 /* Assets.xcassets in Resources */,
				D6D063B42BAB363800ADBEB4 /* GoogleService-Info.plist in Resources */,
			);
			runOnlyForDeploymentPostprocessing = 0;
		};
		D6D063942BAB2FDB00ADBEB4 /* Resources */ = {
			isa = PBXResourcesBuildPhase;
			buildActionMask = 2147483647;
			files = (
			);
			runOnlyForDeploymentPostprocessing = 0;
		};
		D6D0639E2BAB2FDB00ADBEB4 /* Resources */ = {
			isa = PBXResourcesBuildPhase;
			buildActionMask = 2147483647;
			files = (
			);
			runOnlyForDeploymentPostprocessing = 0;
		};
/* End PBXResourcesBuildPhase section */

/* Begin PBXSourcesBuildPhase section */
		D6D063822BAB2FD900ADBEB4 /* Sources */ = {
			isa = PBXSourcesBuildPhase;
			buildActionMask = 2147483647;
			files = (
				D6D063BF2BAB3A1400ADBEB4 /* PokemonManager.swift in Sources */,
				D6F54E612BAC142D00145AFF /* AreaFilter.swift in Sources */,
				D6D0638C2BAB2FD900ADBEB4 /* ContentView.swift in Sources */,
				D6F54E5F2BABFB0800145AFF /* VersionFilter.swift in Sources */,
				D6D0638A2BAB2FD900ADBEB4 /* PokeDex_DeveloperApp.swift in Sources */,
			);
			runOnlyForDeploymentPostprocessing = 0;
		};
		D6D063922BAB2FDB00ADBEB4 /* Sources */ = {
			isa = PBXSourcesBuildPhase;
			buildActionMask = 2147483647;
			files = (
				D6D0639B2BAB2FDB00ADBEB4 /* PokeDex_DeveloperTests.swift in Sources */,
			);
			runOnlyForDeploymentPostprocessing = 0;
		};
		D6D0639C2BAB2FDB00ADBEB4 /* Sources */ = {
			isa = PBXSourcesBuildPhase;
			buildActionMask = 2147483647;
			files = (
				D6D063A72BAB2FDB00ADBEB4 /* PokeDex_DeveloperUITestsLaunchTests.swift in Sources */,
				D6D063A52BAB2FDB00ADBEB4 /* PokeDex_DeveloperUITests.swift in Sources */,
			);
			runOnlyForDeploymentPostprocessing = 0;
		};
/* End PBXSourcesBuildPhase section */

/* Begin PBXTargetDependency section */
		D6D063982BAB2FDB00ADBEB4 /* PBXTargetDependency */ = {
			isa = PBXTargetDependency;
			target = D6D063852BAB2FD900ADBEB4 /* PokeDex_Developer */;
			targetProxy = D6D063972BAB2FDB00ADBEB4 /* PBXContainerItemProxy */;
		};
		D6D063A22BAB2FDB00ADBEB4 /* PBXTargetDependency */ = {
			isa = PBXTargetDependency;
			target = D6D063852BAB2FD900ADBEB4 /* PokeDex_Developer */;
			targetProxy = D6D063A12BAB2FDB00ADBEB4 /* PBXContainerItemProxy */;
		};
/* End PBXTargetDependency section */

/* Begin XCBuildConfiguration section */
		D6D063A82BAB2FDB00ADBEB4 /* Debug */ = {
			isa = XCBuildConfiguration;
			buildSettings = {
				ALWAYS_SEARCH_USER_PATHS = NO;
				ASSETCATALOG_COMPILER_GENERATE_SWIFT_ASSET_SYMBOL_EXTENSIONS = YES;
				CLANG_ANALYZER_NONNULL = YES;
				CLANG_ANALYZER_NUMBER_OBJECT_CONVERSION = YES_AGGRESSIVE;
				CLANG_CXX_LANGUAGE_STANDARD = "gnu++20";
				CLANG_ENABLE_MODULES = YES;
				CLANG_ENABLE_OBJC_ARC = YES;
				CLANG_ENABLE_OBJC_WEAK = YES;
				CLANG_WARN_BLOCK_CAPTURE_AUTORELEASING = YES;
				CLANG_WARN_BOOL_CONVERSION = YES;
				CLANG_WARN_COMMA = YES;
				CLANG_WARN_CONSTANT_CONVERSION = YES;
				CLANG_WARN_DEPRECATED_OBJC_IMPLEMENTATIONS = YES;
				CLANG_WARN_DIRECT_OBJC_ISA_USAGE = YES_ERROR;
				CLANG_WARN_DOCUMENTATION_COMMENTS = YES;
				CLANG_WARN_EMPTY_BODY = YES;
				CLANG_WARN_ENUM_CONVERSION = YES;
				CLANG_WARN_INFINITE_RECURSION = YES;
				CLANG_WARN_INT_CONVERSION = YES;
				CLANG_WARN_NON_LITERAL_NULL_CONVERSION = YES;
				CLANG_WARN_OBJC_IMPLICIT_RETAIN_SELF = YES;
				CLANG_WARN_OBJC_LITERAL_CONVERSION = YES;
				CLANG_WARN_OBJC_ROOT_CLASS = YES_ERROR;
				CLANG_WARN_QUOTED_INCLUDE_IN_FRAMEWORK_HEADER = YES;
				CLANG_WARN_RANGE_LOOP_ANALYSIS = YES;
				CLANG_WARN_STRICT_PROTOTYPES = YES;
				CLANG_WARN_SUSPICIOUS_MOVE = YES;
				CLANG_WARN_UNGUARDED_AVAILABILITY = YES_AGGRESSIVE;
				CLANG_WARN_UNREACHABLE_CODE = YES;
				CLANG_WARN__DUPLICATE_METHOD_MATCH = YES;
				COPY_PHASE_STRIP = NO;
				DEBUG_INFORMATION_FORMAT = dwarf;
				ENABLE_STRICT_OBJC_MSGSEND = YES;
				ENABLE_TESTABILITY = YES;
				ENABLE_USER_SCRIPT_SANDBOXING = YES;
				GCC_C_LANGUAGE_STANDARD = gnu17;
				GCC_DYNAMIC_NO_PIC = NO;
				GCC_NO_COMMON_BLOCKS = YES;
				GCC_OPTIMIZATION_LEVEL = 0;
				GCC_PREPROCESSOR_DEFINITIONS = (
					"DEBUG=1",
					"$(inherited)",
				);
				GCC_WARN_64_TO_32_BIT_CONVERSION = YES;
				GCC_WARN_ABOUT_RETURN_TYPE = YES_ERROR;
				GCC_WARN_UNDECLARED_SELECTOR = YES;
				GCC_WARN_UNINITIALIZED_AUTOS = YES_AGGRESSIVE;
				GCC_WARN_UNUSED_FUNCTION = YES;
				GCC_WARN_UNUSED_VARIABLE = YES;
				IPHONEOS_DEPLOYMENT_TARGET = 17.4;
				LOCALIZATION_PREFERS_STRING_CATALOGS = YES;
				MTL_ENABLE_DEBUG_INFO = INCLUDE_SOURCE;
				MTL_FAST_MATH = YES;
				ONLY_ACTIVE_ARCH = YES;
				SDKROOT = iphoneos;
				SWIFT_ACTIVE_COMPILATION_CONDITIONS = "DEBUG $(inherited)";
				SWIFT_OPTIMIZATION_LEVEL = "-Onone";
			};
			name = Debug;
		};
		D6D063A92BAB2FDB00ADBEB4 /* Release */ = {
			isa = XCBuildConfiguration;
			buildSettings = {
				ALWAYS_SEARCH_USER_PATHS = NO;
				ASSETCATALOG_COMPILER_GENERATE_SWIFT_ASSET_SYMBOL_EXTENSIONS = YES;
				CLANG_ANALYZER_NONNULL = YES;
				CLANG_ANALYZER_NUMBER_OBJECT_CONVERSION = YES_AGGRESSIVE;
				CLANG_CXX_LANGUAGE_STANDARD = "gnu++20";
				CLANG_ENABLE_MODULES = YES;
				CLANG_ENABLE_OBJC_ARC = YES;
				CLANG_ENABLE_OBJC_WEAK = YES;
				CLANG_WARN_BLOCK_CAPTURE_AUTORELEASING = YES;
				CLANG_WARN_BOOL_CONVERSION = YES;
				CLANG_WARN_COMMA = YES;
				CLANG_WARN_CONSTANT_CONVERSION = YES;
				CLANG_WARN_DEPRECATED_OBJC_IMPLEMENTATIONS = YES;
				CLANG_WARN_DIRECT_OBJC_ISA_USAGE = YES_ERROR;
				CLANG_WARN_DOCUMENTATION_COMMENTS = YES;
				CLANG_WARN_EMPTY_BODY = YES;
				CLANG_WARN_ENUM_CONVERSION = YES;
				CLANG_WARN_INFINITE_RECURSION = YES;
				CLANG_WARN_INT_CONVERSION = YES;
				CLANG_WARN_NON_LITERAL_NULL_CONVERSION = YES;
				CLANG_WARN_OBJC_IMPLICIT_RETAIN_SELF = YES;
				CLANG_WARN_OBJC_LITERAL_CONVERSION = YES;
				CLANG_WARN_OBJC_ROOT_CLASS = YES_ERROR;
				CLANG_WARN_QUOTED_INCLUDE_IN_FRAMEWORK_HEADER = YES;
				CLANG_WARN_RANGE_LOOP_ANALYSIS = YES;
				CLANG_WARN_STRICT_PROTOTYPES = YES;
				CLANG_WARN_SUSPICIOUS_MOVE = YES;
				CLANG_WARN_UNGUARDED_AVAILABILITY = YES_AGGRESSIVE;
				CLANG_WARN_UNREACHABLE_CODE = YES;
				CLANG_WARN__DUPLICATE_METHOD_MATCH = YES;
				COPY_PHASE_STRIP = NO;
				DEBUG_INFORMATION_FORMAT = "dwarf-with-dsym";
				ENABLE_NS_ASSERTIONS = NO;
				ENABLE_STRICT_OBJC_MSGSEND = YES;
				ENABLE_USER_SCRIPT_SANDBOXING = YES;
				GCC_C_LANGUAGE_STANDARD = gnu17;
				GCC_NO_COMMON_BLOCKS = YES;
				GCC_WARN_64_TO_32_BIT_CONVERSION = YES;
				GCC_WARN_ABOUT_RETURN_TYPE = YES_ERROR;
				GCC_WARN_UNDECLARED_SELECTOR = YES;
				GCC_WARN_UNINITIALIZED_AUTOS = YES_AGGRESSIVE;
				GCC_WARN_UNUSED_FUNCTION = YES;
				GCC_WARN_UNUSED_VARIABLE = YES;
				IPHONEOS_DEPLOYMENT_TARGET = 17.4;
				LOCALIZATION_PREFERS_STRING_CATALOGS = YES;
				MTL_ENABLE_DEBUG_INFO = NO;
				MTL_FAST_MATH = YES;
				SDKROOT = iphoneos;
				SWIFT_COMPILATION_MODE = wholemodule;
				VALIDATE_PRODUCT = YES;
			};
			name = Release;
		};
		D6D063AB2BAB2FDB00ADBEB4 /* Debug */ = {
			isa = XCBuildConfiguration;
			buildSettings = {
				ASSETCATALOG_COMPILER_APPICON_NAME = AppIcon;
				ASSETCATALOG_COMPILER_GLOBAL_ACCENT_COLOR_NAME = AccentColor;
				CODE_SIGN_STYLE = Automatic;
				CURRENT_PROJECT_VERSION = 1;
				DEVELOPMENT_ASSET_PATHS = "\"PokeDex_Developer/Preview Content\"";
				DEVELOPMENT_TEAM = N676ZFA7W8;
				ENABLE_PREVIEWS = YES;
				GENERATE_INFOPLIST_FILE = YES;
				INFOPLIST_KEY_CFBundleDisplayName = "포케덱스_개발자앱";
				INFOPLIST_KEY_UIApplicationSceneManifest_Generation = YES;
				INFOPLIST_KEY_UIApplicationSupportsIndirectInputEvents = YES;
				INFOPLIST_KEY_UILaunchScreen_Generation = YES;
				INFOPLIST_KEY_UISupportedInterfaceOrientations_iPad = "UIInterfaceOrientationPortrait UIInterfaceOrientationPortraitUpsideDown UIInterfaceOrientationLandscapeLeft UIInterfaceOrientationLandscapeRight";
				INFOPLIST_KEY_UISupportedInterfaceOrientations_iPhone = "UIInterfaceOrientationPortrait UIInterfaceOrientationLandscapeLeft UIInterfaceOrientationLandscapeRight";
				LD_RUNPATH_SEARCH_PATHS = (
					"$(inherited)",
					"@executable_path/Frameworks",
				);
				MARKETING_VERSION = 1.0;
				PRODUCT_BUNDLE_IDENTIFIER = "quarang.PokeDex-Developer";
				PRODUCT_NAME = "$(TARGET_NAME)";
				SWIFT_EMIT_LOC_STRINGS = YES;
				SWIFT_VERSION = 5.0;
				TARGETED_DEVICE_FAMILY = "1,2";
			};
			name = Debug;
		};
		D6D063AC2BAB2FDB00ADBEB4 /* Release */ = {
			isa = XCBuildConfiguration;
			buildSettings = {
				ASSETCATALOG_COMPILER_APPICON_NAME = AppIcon;
				ASSETCATALOG_COMPILER_GLOBAL_ACCENT_COLOR_NAME = AccentColor;
				CODE_SIGN_STYLE = Automatic;
				CURRENT_PROJECT_VERSION = 1;
				DEVELOPMENT_ASSET_PATHS = "\"PokeDex_Developer/Preview Content\"";
				DEVELOPMENT_TEAM = N676ZFA7W8;
				ENABLE_PREVIEWS = YES;
				GENERATE_INFOPLIST_FILE = YES;
				INFOPLIST_KEY_CFBundleDisplayName = "포케덱스_개발자앱";
				INFOPLIST_KEY_UIApplicationSceneManifest_Generation = YES;
				INFOPLIST_KEY_UIApplicationSupportsIndirectInputEvents = YES;
				INFOPLIST_KEY_UILaunchScreen_Generation = YES;
				INFOPLIST_KEY_UISupportedInterfaceOrientations_iPad = "UIInterfaceOrientationPortrait UIInterfaceOrientationPortraitUpsideDown UIInterfaceOrientationLandscapeLeft UIInterfaceOrientationLandscapeRight";
				INFOPLIST_KEY_UISupportedInterfaceOrientations_iPhone = "UIInterfaceOrientationPortrait UIInterfaceOrientationLandscapeLeft UIInterfaceOrientationLandscapeRight";
				LD_RUNPATH_SEARCH_PATHS = (
					"$(inherited)",
					"@executable_path/Frameworks",
				);
				MARKETING_VERSION = 1.0;
				PRODUCT_BUNDLE_IDENTIFIER = "quarang.PokeDex-Developer";
				PRODUCT_NAME = "$(TARGET_NAME)";
				SWIFT_EMIT_LOC_STRINGS = YES;
				SWIFT_VERSION = 5.0;
				TARGETED_DEVICE_FAMILY = "1,2";
			};
			name = Release;
		};
		D6D063AE2BAB2FDB00ADBEB4 /* Debug */ = {
			isa = XCBuildConfiguration;
			buildSettings = {
				ALWAYS_EMBED_SWIFT_STANDARD_LIBRARIES = YES;
				BUNDLE_LOADER = "$(TEST_HOST)";
				CODE_SIGN_STYLE = Automatic;
				CURRENT_PROJECT_VERSION = 1;
				DEVELOPMENT_TEAM = N676ZFA7W8;
				GENERATE_INFOPLIST_FILE = YES;
				IPHONEOS_DEPLOYMENT_TARGET = 17.4;
				MARKETING_VERSION = 1.0;
				PRODUCT_BUNDLE_IDENTIFIER = "quarang.PokeDex-DeveloperTests";
				PRODUCT_NAME = "$(TARGET_NAME)";
				SWIFT_EMIT_LOC_STRINGS = NO;
				SWIFT_VERSION = 5.0;
				TARGETED_DEVICE_FAMILY = "1,2";
				TEST_HOST = "$(BUILT_PRODUCTS_DIR)/PokeDex_Developer.app/$(BUNDLE_EXECUTABLE_FOLDER_PATH)/PokeDex_Developer";
			};
			name = Debug;
		};
		D6D063AF2BAB2FDB00ADBEB4 /* Release */ = {
			isa = XCBuildConfiguration;
			buildSettings = {
				ALWAYS_EMBED_SWIFT_STANDARD_LIBRARIES = YES;
				BUNDLE_LOADER = "$(TEST_HOST)";
				CODE_SIGN_STYLE = Automatic;
				CURRENT_PROJECT_VERSION = 1;
				DEVELOPMENT_TEAM = N676ZFA7W8;
				GENERATE_INFOPLIST_FILE = YES;
				IPHONEOS_DEPLOYMENT_TARGET = 17.4;
				MARKETING_VERSION = 1.0;
				PRODUCT_BUNDLE_IDENTIFIER = "quarang.PokeDex-DeveloperTests";
				PRODUCT_NAME = "$(TARGET_NAME)";
				SWIFT_EMIT_LOC_STRINGS = NO;
				SWIFT_VERSION = 5.0;
				TARGETED_DEVICE_FAMILY = "1,2";
				TEST_HOST = "$(BUILT_PRODUCTS_DIR)/PokeDex_Developer.app/$(BUNDLE_EXECUTABLE_FOLDER_PATH)/PokeDex_Developer";
			};
			name = Release;
		};
		D6D063B12BAB2FDB00ADBEB4 /* Debug */ = {
			isa = XCBuildConfiguration;
			buildSettings = {
				ALWAYS_EMBED_SWIFT_STANDARD_LIBRARIES = YES;
				CODE_SIGN_STYLE = Automatic;
				CURRENT_PROJECT_VERSION = 1;
				DEVELOPMENT_TEAM = N676ZFA7W8;
				GENERATE_INFOPLIST_FILE = YES;
				MARKETING_VERSION = 1.0;
				PRODUCT_BUNDLE_IDENTIFIER = "quarang.PokeDex-DeveloperUITests";
				PRODUCT_NAME = "$(TARGET_NAME)";
				SWIFT_EMIT_LOC_STRINGS = NO;
				SWIFT_VERSION = 5.0;
				TARGETED_DEVICE_FAMILY = "1,2";
				TEST_TARGET_NAME = PokeDex_Developer;
			};
			name = Debug;
		};
		D6D063B22BAB2FDB00ADBEB4 /* Release */ = {
			isa = XCBuildConfiguration;
			buildSettings = {
				ALWAYS_EMBED_SWIFT_STANDARD_LIBRARIES = YES;
				CODE_SIGN_STYLE = Automatic;
				CURRENT_PROJECT_VERSION = 1;
				DEVELOPMENT_TEAM = N676ZFA7W8;
				GENERATE_INFOPLIST_FILE = YES;
				MARKETING_VERSION = 1.0;
				PRODUCT_BUNDLE_IDENTIFIER = "quarang.PokeDex-DeveloperUITests";
				PRODUCT_NAME = "$(TARGET_NAME)";
				SWIFT_EMIT_LOC_STRINGS = NO;
				SWIFT_VERSION = 5.0;
				TARGETED_DEVICE_FAMILY = "1,2";
				TEST_TARGET_NAME = PokeDex_Developer;
			};
			name = Release;
		};
/* End XCBuildConfiguration section */

/* Begin XCConfigurationList section */
		D6D063812BAB2FD900ADBEB4 /* Build configuration list for PBXProject "PokeDex_Developer" */ = {
			isa = XCConfigurationList;
			buildConfigurations = (
				D6D063A82BAB2FDB00ADBEB4 /* Debug */,
				D6D063A92BAB2FDB00ADBEB4 /* Release */,
			);
			defaultConfigurationIsVisible = 0;
			defaultConfigurationName = Release;
		};
		D6D063AA2BAB2FDB00ADBEB4 /* Build configuration list for PBXNativeTarget "PokeDex_Developer" */ = {
			isa = XCConfigurationList;
			buildConfigurations = (
				D6D063AB2BAB2FDB00ADBEB4 /* Debug */,
				D6D063AC2BAB2FDB00ADBEB4 /* Release */,
			);
			defaultConfigurationIsVisible = 0;
			defaultConfigurationName = Release;
		};
		D6D063AD2BAB2FDB00ADBEB4 /* Build configuration list for PBXNativeTarget "PokeDex_DeveloperTests" */ = {
			isa = XCConfigurationList;
			buildConfigurations = (
				D6D063AE2BAB2FDB00ADBEB4 /* Debug */,
				D6D063AF2BAB2FDB00ADBEB4 /* Release */,
			);
			defaultConfigurationIsVisible = 0;
			defaultConfigurationName = Release;
		};
		D6D063B02BAB2FDB00ADBEB4 /* Build configuration list for PBXNativeTarget "PokeDex_DeveloperUITests" */ = {
			isa = XCConfigurationList;
			buildConfigurations = (
				D6D063B12BAB2FDB00ADBEB4 /* Debug */,
				D6D063B22BAB2FDB00ADBEB4 /* Release */,
			);
			defaultConfigurationIsVisible = 0;
			defaultConfigurationName = Release;
		};
/* End XCConfigurationList section */

/* Begin XCRemoteSwiftPackageReference section */
		D6D063B52BAB367B00ADBEB4 /* XCRemoteSwiftPackageReference "firebase-ios-sdk" */ = {
			isa = XCRemoteSwiftPackageReference;
			repositoryURL = "https://github.com/firebase/firebase-ios-sdk";
			requirement = {
				kind = upToNextMajorVersion;
				minimumVersion = 10.23.0;
			};
		};
		D6F54E682BAC3D4F00145AFF /* XCRemoteSwiftPackageReference "PokemonAPI" */ = {
			isa = XCRemoteSwiftPackageReference;
			repositoryURL = "https://github.com/QuaRang1225/PokemonAPI.git";
			requirement = {
				kind = revision;
				revision = fe365b18ef6b87c90dd6c4e0e3d9da5be645f4ba;
			};
		};
/* End XCRemoteSwiftPackageReference section */

/* Begin XCSwiftPackageProductDependency section */
		D6D063B62BAB367B00ADBEB4 /* FirebaseFirestore */ = {
			isa = XCSwiftPackageProductDependency;
			package = D6D063B52BAB367B00ADBEB4 /* XCRemoteSwiftPackageReference "firebase-ios-sdk" */;
			productName = FirebaseFirestore;
		};
		D6D063B82BAB367B00ADBEB4 /* FirebaseFirestoreSwift */ = {
			isa = XCSwiftPackageProductDependency;
			package = D6D063B52BAB367B00ADBEB4 /* XCRemoteSwiftPackageReference "firebase-ios-sdk" */;
			productName = FirebaseFirestoreSwift;
		};
		D6F54E692BAC3D4F00145AFF /* PokemonAPI */ = {
			isa = XCSwiftPackageProductDependency;
			package = D6F54E682BAC3D4F00145AFF /* XCRemoteSwiftPackageReference "PokemonAPI" */;
			productName = PokemonAPI;
		};
/* End XCSwiftPackageProductDependency section */
	};
	rootObject = D6D0637E2BAB2FD900ADBEB4 /* Project object */;
}
